// !$*UTF8*$!
{
	archiveVersion = 1;
	classes = {
	};
	objectVersion = 46;
	objects = {

/* Begin PBXBuildFile section */
		C252CF2A1DA01AF700E1D288 /* ModelsEditorInterface.swift in Sources */ = {isa = PBXBuildFile; fileRef = C252CF291DA01AF700E1D288 /* ModelsEditorInterface.swift */; };
		C252CF2C1DA01B0800E1D288 /* ModelsEditorConcretes.swift in Sources */ = {isa = PBXBuildFile; fileRef = C252CF2B1DA01B0800E1D288 /* ModelsEditorConcretes.swift */; };
		C252CF341DA01C9300E1D288 /* TagEditorViewController.swift in Sources */ = {isa = PBXBuildFile; fileRef = C252CF331DA01C9300E1D288 /* TagEditorViewController.swift */; };
		C291880A1DA025AE00E7F939 /* TagEditorViewController.storyboard in Resources */ = {isa = PBXBuildFile; fileRef = C29188091DA025AE00E7F939 /* TagEditorViewController.storyboard */; };
		C2A34A4C1D9FCA02008ECCDD /* AppDelegate.swift in Sources */ = {isa = PBXBuildFile; fileRef = C2A34A4B1D9FCA02008ECCDD /* AppDelegate.swift */; };
		C2A34A4E1D9FCA02008ECCDD /* ViewController.swift in Sources */ = {isa = PBXBuildFile; fileRef = C2A34A4D1D9FCA02008ECCDD /* ViewController.swift */; };
		C2A34A501D9FCA02008ECCDD /* Assets.xcassets in Resources */ = {isa = PBXBuildFile; fileRef = C2A34A4F1D9FCA02008ECCDD /* Assets.xcassets */; };
		C2A34A531D9FCA02008ECCDD /* Main.storyboard in Resources */ = {isa = PBXBuildFile; fileRef = C2A34A511D9FCA02008ECCDD /* Main.storyboard */; };
		C2A34A5D1D9FCD3F008ECCDD /* SceneEditor.storyboard in Resources */ = {isa = PBXBuildFile; fileRef = C2A34A5C1D9FCD3F008ECCDD /* SceneEditor.storyboard */; };
		C2A34A5F1D9FCD97008ECCDD /* SceneEditorViewController.swift in Sources */ = {isa = PBXBuildFile; fileRef = C2A34A5E1D9FCD97008ECCDD /* SceneEditorViewController.swift */; };
		C2A34A671D9FD081008ECCDD /* Scene.swift in Sources */ = {isa = PBXBuildFile; fileRef = C2A34A661D9FD081008ECCDD /* Scene.swift */; };
		C2A34A6B1D9FD0FB008ECCDD /* Visible.swift in Sources */ = {isa = PBXBuildFile; fileRef = C2A34A6A1D9FD0FB008ECCDD /* Visible.swift */; };
		C2A34A6E1D9FD119008ECCDD /* Node.swift in Sources */ = {isa = PBXBuildFile; fileRef = C2A34A6D1D9FD119008ECCDD /* Node.swift */; };
		C2A34A731D9FD3B4008ECCDD /* Element.swift in Sources */ = {isa = PBXBuildFile; fileRef = C2A34A721D9FD3B4008ECCDD /* Element.swift */; };
		C2A34A7C1D9FD60D008ECCDD /* Transform.swift in Sources */ = {isa = PBXBuildFile; fileRef = C2A34A7B1D9FD60D008ECCDD /* Transform.swift */; };
		C2A34A7F1D9FD6B5008ECCDD /* Primitives.swift in Sources */ = {isa = PBXBuildFile; fileRef = C2A34A7E1D9FD6B5008ECCDD /* Primitives.swift */; };
		C2A34A821D9FD811008ECCDD /* Rotiation.swift in Sources */ = {isa = PBXBuildFile; fileRef = C2A34A811D9FD811008ECCDD /* Rotiation.swift */; };
/* End PBXBuildFile section */

/* Begin PBXFileReference section */
		C252CF291DA01AF700E1D288 /* ModelsEditorInterface.swift */ = {isa = PBXFileReference; fileEncoding = 4; lastKnownFileType = sourcecode.swift; name = ModelsEditorInterface.swift; path = ModelsEditor/ModelsEditorInterface.swift; sourceTree = "<group>"; };
		C252CF2B1DA01B0800E1D288 /* ModelsEditorConcretes.swift */ = {isa = PBXFileReference; fileEncoding = 4; lastKnownFileType = sourcecode.swift; name = ModelsEditorConcretes.swift; path = ModelsEditor/ModelsEditorConcretes.swift; sourceTree = "<group>"; };
		C252CF331DA01C9300E1D288 /* TagEditorViewController.swift */ = {isa = PBXFileReference; fileEncoding = 4; lastKnownFileType = sourcecode.swift; name = TagEditorViewController.swift; path = ModelsEditor/OSXEditors/TagEditorViewController.swift; sourceTree = "<group>"; };
		C29188091DA025AE00E7F939 /* TagEditorViewController.storyboard */ = {isa = PBXFileReference; fileEncoding = 4; lastKnownFileType = file.storyboard; name = TagEditorViewController.storyboard; path = ModelsEditor/OSXEditors/TagEditorViewController.storyboard; sourceTree = "<group>"; };
		C2A34A481D9FCA02008ECCDD /* Jetpack.app */ = {isa = PBXFileReference; explicitFileType = wrapper.application; includeInIndex = 0; path = Jetpack.app; sourceTree = BUILT_PRODUCTS_DIR; };
		C2A34A4B1D9FCA02008ECCDD /* AppDelegate.swift */ = {isa = PBXFileReference; lastKnownFileType = sourcecode.swift; path = AppDelegate.swift; sourceTree = "<group>"; };
		C2A34A4D1D9FCA02008ECCDD /* ViewController.swift */ = {isa = PBXFileReference; lastKnownFileType = sourcecode.swift; path = ViewController.swift; sourceTree = "<group>"; };
		C2A34A4F1D9FCA02008ECCDD /* Assets.xcassets */ = {isa = PBXFileReference; lastKnownFileType = folder.assetcatalog; path = Assets.xcassets; sourceTree = "<group>"; };
		C2A34A521D9FCA02008ECCDD /* Base */ = {isa = PBXFileReference; lastKnownFileType = file.storyboard; name = Base; path = Base.lproj/Main.storyboard; sourceTree = "<group>"; };
		C2A34A541D9FCA02008ECCDD /* Info.plist */ = {isa = PBXFileReference; lastKnownFileType = text.plist.xml; path = Info.plist; sourceTree = "<group>"; };
		C2A34A5C1D9FCD3F008ECCDD /* SceneEditor.storyboard */ = {isa = PBXFileReference; fileEncoding = 4; lastKnownFileType = file.storyboard; name = SceneEditor.storyboard; path = SceneEditor/SceneEditor.storyboard; sourceTree = "<group>"; };
		C2A34A5E1D9FCD97008ECCDD /* SceneEditorViewController.swift */ = {isa = PBXFileReference; fileEncoding = 4; lastKnownFileType = sourcecode.swift; name = SceneEditorViewController.swift; path = SceneEditor/SceneEditorViewController.swift; sourceTree = "<group>"; };
		C2A34A661D9FD081008ECCDD /* Scene.swift */ = {isa = PBXFileReference; fileEncoding = 4; lastKnownFileType = sourcecode.swift; name = Scene.swift; path = Models/Scene/Scene.swift; sourceTree = "<group>"; };
		C2A34A6A1D9FD0FB008ECCDD /* Visible.swift */ = {isa = PBXFileReference; fileEncoding = 4; lastKnownFileType = sourcecode.swift; name = Visible.swift; path = Models/Visible/Visible.swift; sourceTree = "<group>"; };
		C2A34A6D1D9FD119008ECCDD /* Node.swift */ = {isa = PBXFileReference; fileEncoding = 4; lastKnownFileType = sourcecode.swift; name = Node.swift; path = Models/Node/Node.swift; sourceTree = "<group>"; };
		C2A34A721D9FD3B4008ECCDD /* Element.swift */ = {isa = PBXFileReference; fileEncoding = 4; lastKnownFileType = sourcecode.swift; name = Element.swift; path = Models/Element/Element.swift; sourceTree = "<group>"; };
		C2A34A7B1D9FD60D008ECCDD /* Transform.swift */ = {isa = PBXFileReference; fileEncoding = 4; lastKnownFileType = sourcecode.swift; name = Transform.swift; path = Models/Transform/Transform.swift; sourceTree = "<group>"; };
		C2A34A7E1D9FD6B5008ECCDD /* Primitives.swift */ = {isa = PBXFileReference; fileEncoding = 4; lastKnownFileType = sourcecode.swift; name = Primitives.swift; path = Models/Primitives/Primitives.swift; sourceTree = "<group>"; };
		C2A34A811D9FD811008ECCDD /* Rotiation.swift */ = {isa = PBXFileReference; fileEncoding = 4; lastKnownFileType = sourcecode.swift; name = Rotiation.swift; path = Models/Rotation/Rotiation.swift; sourceTree = "<group>"; };
/* End PBXFileReference section */

/* Begin PBXFrameworksBuildPhase section */
		C2A34A451D9FCA02008ECCDD /* Frameworks */ = {
			isa = PBXFrameworksBuildPhase;
			buildActionMask = 2147483647;
			files = (
			);
			runOnlyForDeploymentPostprocessing = 0;
		};
/* End PBXFrameworksBuildPhase section */

/* Begin PBXGroup section */
		C252CF281DA01AE900E1D288 /* ModelsEditor */ = {
			isa = PBXGroup;
			children = (
				C252CF2D1DA01B8300E1D288 /* OSXEditors */,
				C252CF291DA01AF700E1D288 /* ModelsEditorInterface.swift */,
				C252CF2B1DA01B0800E1D288 /* ModelsEditorConcretes.swift */,
			);
			name = ModelsEditor;
			sourceTree = "<group>";
		};
		C252CF2D1DA01B8300E1D288 /* OSXEditors */ = {
			isa = PBXGroup;
			children = (
				C252CF331DA01C9300E1D288 /* TagEditorViewController.swift */,
				C29188091DA025AE00E7F939 /* TagEditorViewController.storyboard */,
			);
			name = OSXEditors;
			sourceTree = "<group>";
		};
		C2A34A3F1D9FCA02008ECCDD = {
			isa = PBXGroup;
			children = (
				C2A34A4A1D9FCA02008ECCDD /* Jetpack */,
				C2A34A491D9FCA02008ECCDD /* Products */,
			);
			sourceTree = "<group>";
		};
		C2A34A491D9FCA02008ECCDD /* Products */ = {
			isa = PBXGroup;
			children = (
				C2A34A481D9FCA02008ECCDD /* Jetpack.app */,
			);
			name = Products;
			sourceTree = "<group>";
		};
		C2A34A4A1D9FCA02008ECCDD /* Jetpack */ = {
			isa = PBXGroup;
			children = (
				C252CF281DA01AE900E1D288 /* ModelsEditor */,
				C2A34A631D9FD048008ECCDD /* Models */,
				C2A34A621D9FD00F008ECCDD /* DrawableEditor */,
				C2A34A5B1D9FCCE3008ECCDD /* SceneEditor */,
				C2A34A4B1D9FCA02008ECCDD /* AppDelegate.swift */,
				C2A34A4D1D9FCA02008ECCDD /* ViewController.swift */,
				C2A34A4F1D9FCA02008ECCDD /* Assets.xcassets */,
				C2A34A511D9FCA02008ECCDD /* Main.storyboard */,
				C2A34A541D9FCA02008ECCDD /* Info.plist */,
			);
			path = Jetpack;
			sourceTree = "<group>";
		};
		C2A34A5B1D9FCCE3008ECCDD /* SceneEditor */ = {
			isa = PBXGroup;
			children = (
				C2A34A5C1D9FCD3F008ECCDD /* SceneEditor.storyboard */,
				C2A34A5E1D9FCD97008ECCDD /* SceneEditorViewController.swift */,
			);
			name = SceneEditor;
			sourceTree = "<group>";
		};
		C2A34A621D9FD00F008ECCDD /* DrawableEditor */ = {
			isa = PBXGroup;
			children = (
			);
			name = DrawableEditor;
			sourceTree = "<group>";
		};
		C2A34A631D9FD048008ECCDD /* Models */ = {
			isa = PBXGroup;
			children = (
				C2A34A801D9FD7FA008ECCDD /* Rotation */,
				C2A34A7D1D9FD68D008ECCDD /* Primitives */,
				C2A34A781D9FD5D7008ECCDD /* Transform */,
				C2A34A711D9FD379008ECCDD /* Element */,
				C2A34A6C1D9FD0FF008ECCDD /* Node */,
				C2A34A651D9FD059008ECCDD /* Visible */,
				C2A34A641D9FD050008ECCDD /* Scene */,
			);
			name = Models;
			sourceTree = "<group>";
		};
		C2A34A641D9FD050008ECCDD /* Scene */ = {
			isa = PBXGroup;
			children = (
				C2A34A661D9FD081008ECCDD /* Scene.swift */,
			);
			name = Scene;
			sourceTree = "<group>";
		};
		C2A34A651D9FD059008ECCDD /* Visible */ = {
			isa = PBXGroup;
			children = (
				C2A34A6A1D9FD0FB008ECCDD /* Visible.swift */,
			);
			name = Visible;
			sourceTree = "<group>";
		};
		C2A34A6C1D9FD0FF008ECCDD /* Node */ = {
			isa = PBXGroup;
			children = (
				C2A34A6D1D9FD119008ECCDD /* Node.swift */,
			);
			name = Node;
			sourceTree = "<group>";
		};
		C2A34A711D9FD379008ECCDD /* Element */ = {
			isa = PBXGroup;
			children = (
				C2A34A721D9FD3B4008ECCDD /* Element.swift */,
			);
			name = Element;
			sourceTree = "<group>";
		};
		C2A34A781D9FD5D7008ECCDD /* Transform */ = {
			isa = PBXGroup;
			children = (
				C2A34A7B1D9FD60D008ECCDD /* Transform.swift */,
			);
			name = Transform;
			sourceTree = "<group>";
		};
		C2A34A7D1D9FD68D008ECCDD /* Primitives */ = {
			isa = PBXGroup;
			children = (
				C2A34A7E1D9FD6B5008ECCDD /* Primitives.swift */,
			);
			name = Primitives;
			sourceTree = "<group>";
		};
		C2A34A801D9FD7FA008ECCDD /* Rotation */ = {
			isa = PBXGroup;
			children = (
				C2A34A811D9FD811008ECCDD /* Rotiation.swift */,
			);
			name = Rotation;
			sourceTree = "<group>";
		};
/* End PBXGroup section */

/* Begin PBXNativeTarget section */
		C2A34A471D9FCA02008ECCDD /* Jetpack */ = {
			isa = PBXNativeTarget;
			buildConfigurationList = C2A34A571D9FCA02008ECCDD /* Build configuration list for PBXNativeTarget "Jetpack" */;
			buildPhases = (
				C2A34A441D9FCA02008ECCDD /* Sources */,
				C2A34A451D9FCA02008ECCDD /* Frameworks */,
				C2A34A461D9FCA02008ECCDD /* Resources */,
			);
			buildRules = (
			);
			dependencies = (
			);
			name = Jetpack;
			productName = Jetpack;
			productReference = C2A34A481D9FCA02008ECCDD /* Jetpack.app */;
			productType = "com.apple.product-type.application";
		};
/* End PBXNativeTarget section */

/* Begin PBXProject section */
		C2A34A401D9FCA02008ECCDD /* Project object */ = {
			isa = PBXProject;
			attributes = {
				LastSwiftUpdateCheck = 0800;
				LastUpgradeCheck = 0800;
				ORGANIZATIONNAME = "Maciej Chmielewski";
				TargetAttributes = {
					C2A34A471D9FCA02008ECCDD = {
						CreatedOnToolsVersion = 8.0;
						ProvisioningStyle = Automatic;
					};
				};
			};
			buildConfigurationList = C2A34A431D9FCA02008ECCDD /* Build configuration list for PBXProject "Jetpack" */;
			compatibilityVersion = "Xcode 3.2";
			developmentRegion = English;
			hasScannedForEncodings = 0;
			knownRegions = (
				en,
				Base,
			);
			mainGroup = C2A34A3F1D9FCA02008ECCDD;
			productRefGroup = C2A34A491D9FCA02008ECCDD /* Products */;
			projectDirPath = "";
			projectRoot = "";
			targets = (
				C2A34A471D9FCA02008ECCDD /* Jetpack */,
			);
		};
/* End PBXProject section */

/* Begin PBXResourcesBuildPhase section */
		C2A34A461D9FCA02008ECCDD /* Resources */ = {
			isa = PBXResourcesBuildPhase;
			buildActionMask = 2147483647;
			files = (
				C2A34A501D9FCA02008ECCDD /* Assets.xcassets in Resources */,
				C2A34A531D9FCA02008ECCDD /* Main.storyboard in Resources */,
				C2A34A5D1D9FCD3F008ECCDD /* SceneEditor.storyboard in Resources */,
				C291880A1DA025AE00E7F939 /* TagEditorViewController.storyboard in Resources */,
			);
			runOnlyForDeploymentPostprocessing = 0;
		};
/* End PBXResourcesBuildPhase section */

/* Begin PBXSourcesBuildPhase section */
		C2A34A441D9FCA02008ECCDD /* Sources */ = {
			isa = PBXSourcesBuildPhase;
			buildActionMask = 2147483647;
			files = (
				C2A34A671D9FD081008ECCDD /* Scene.swift in Sources */,
				C252CF2A1DA01AF700E1D288 /* ModelsEditorInterface.swift in Sources */,
				C2A34A821D9FD811008ECCDD /* Rotiation.swift in Sources */,
				C2A34A5F1D9FCD97008ECCDD /* SceneEditorViewController.swift in Sources */,
				C2A34A4E1D9FCA02008ECCDD /* ViewController.swift in Sources */,
				C2A34A6E1D9FD119008ECCDD /* Node.swift in Sources */,
				C2A34A4C1D9FCA02008ECCDD /* AppDelegate.swift in Sources */,
				C252CF341DA01C9300E1D288 /* TagEditorViewController.swift in Sources */,
				C2A34A731D9FD3B4008ECCDD /* Element.swift in Sources */,
				C2A34A7C1D9FD60D008ECCDD /* Transform.swift in Sources */,
				C2A34A7F1D9FD6B5008ECCDD /* Primitives.swift in Sources */,
				C2A34A6B1D9FD0FB008ECCDD /* Visible.swift in Sources */,
				C252CF2C1DA01B0800E1D288 /* ModelsEditorConcretes.swift in Sources */,
			);
			runOnlyForDeploymentPostprocessing = 0;
		};
/* End PBXSourcesBuildPhase section */

/* Begin PBXVariantGroup section */
		C2A34A511D9FCA02008ECCDD /* Main.storyboard */ = {
			isa = PBXVariantGroup;
			children = (
				C2A34A521D9FCA02008ECCDD /* Base */,
			);
			name = Main.storyboard;
			sourceTree = "<group>";
		};
/* End PBXVariantGroup section */

/* Begin XCBuildConfiguration section */
		C2A34A551D9FCA02008ECCDD /* Debug */ = {
			isa = XCBuildConfiguration;
			buildSettings = {
				ALWAYS_SEARCH_USER_PATHS = NO;
				CLANG_ANALYZER_NONNULL = YES;
				CLANG_CXX_LANGUAGE_STANDARD = "gnu++0x";
				CLANG_CXX_LIBRARY = "libc++";
				CLANG_ENABLE_MODULES = YES;
				CLANG_ENABLE_OBJC_ARC = YES;
				CLANG_WARN_BOOL_CONVERSION = YES;
				CLANG_WARN_CONSTANT_CONVERSION = YES;
				CLANG_WARN_DIRECT_OBJC_ISA_USAGE = YES_ERROR;
				CLANG_WARN_DOCUMENTATION_COMMENTS = YES;
				CLANG_WARN_EMPTY_BODY = YES;
				CLANG_WARN_ENUM_CONVERSION = YES;
				CLANG_WARN_INFINITE_RECURSION = YES;
				CLANG_WARN_INT_CONVERSION = YES;
				CLANG_WARN_OBJC_ROOT_CLASS = YES_ERROR;
				CLANG_WARN_SUSPICIOUS_MOVES = YES;
				CLANG_WARN_UNREACHABLE_CODE = YES;
				CLANG_WARN__DUPLICATE_METHOD_MATCH = YES;
				CODE_SIGN_IDENTITY = "-";
				COPY_PHASE_STRIP = NO;
				DEBUG_INFORMATION_FORMAT = dwarf;
				ENABLE_STRICT_OBJC_MSGSEND = YES;
				ENABLE_TESTABILITY = YES;
				GCC_C_LANGUAGE_STANDARD = gnu99;
				GCC_DYNAMIC_NO_PIC = NO;
				GCC_NO_COMMON_BLOCKS = YES;
				GCC_OPTIMIZATION_LEVEL = 0;
				GCC_PREPROCESSOR_DEFINITIONS = (
					"DEBUG=1",
					"$(inherited)",
				);
				GCC_WARN_64_TO_32_BIT_CONVERSION = YES;
				GCC_WARN_ABOUT_RETURN_TYPE = YES_ERROR;
				GCC_WARN_UNDECLARED_SELECTOR = YES;
				GCC_WARN_UNINITIALIZED_AUTOS = YES_AGGRESSIVE;
				GCC_WARN_UNUSED_FUNCTION = YES;
				GCC_WARN_UNUSED_VARIABLE = YES;
				MACOSX_DEPLOYMENT_TARGET = 10.12;
				MTL_ENABLE_DEBUG_INFO = YES;
				ONLY_ACTIVE_ARCH = YES;
				SDKROOT = macosx;
				SWIFT_ACTIVE_COMPILATION_CONDITIONS = DEBUG;
				SWIFT_OPTIMIZATION_LEVEL = "-Onone";
			};
			name = Debug;
		};
		C2A34A561D9FCA02008ECCDD /* Release */ = {
			isa = XCBuildConfiguration;
			buildSettings = {
				ALWAYS_SEARCH_USER_PATHS = NO;
				CLANG_ANALYZER_NONNULL = YES;
				CLANG_CXX_LANGUAGE_STANDARD = "gnu++0x";
				CLANG_CXX_LIBRARY = "libc++";
				CLANG_ENABLE_MODULES = YES;
				CLANG_ENABLE_OBJC_ARC = YES;
				CLANG_WARN_BOOL_CONVERSION = YES;
				CLANG_WARN_CONSTANT_CONVERSION = YES;
				CLANG_WARN_DIRECT_OBJC_ISA_USAGE = YES_ERROR;
				CLANG_WARN_DOCUMENTATION_COMMENTS = YES;
				CLANG_WARN_EMPTY_BODY = YES;
				CLANG_WARN_ENUM_CONVERSION = YES;
				CLANG_WARN_INFINITE_RECURSION = YES;
				CLANG_WARN_INT_CONVERSION = YES;
				CLANG_WARN_OBJC_ROOT_CLASS = YES_ERROR;
				CLANG_WARN_SUSPICIOUS_MOVES = YES;
				CLANG_WARN_UNREACHABLE_CODE = YES;
				CLANG_WARN__DUPLICATE_METHOD_MATCH = YES;
				CODE_SIGN_IDENTITY = "-";
				COPY_PHASE_STRIP = NO;
				DEBUG_INFORMATION_FORMAT = "dwarf-with-dsym";
				ENABLE_NS_ASSERTIONS = NO;
				ENABLE_STRICT_OBJC_MSGSEND = YES;
				GCC_C_LANGUAGE_STANDARD = gnu99;
				GCC_NO_COMMON_BLOCKS = YES;
				GCC_WARN_64_TO_32_BIT_CONVERSION = YES;
				GCC_WARN_ABOUT_RETURN_TYPE = YES_ERROR;
				GCC_WARN_UNDECLARED_SELECTOR = YES;
				GCC_WARN_UNINITIALIZED_AUTOS = YES_AGGRESSIVE;
				GCC_WARN_UNUSED_FUNCTION = YES;
				GCC_WARN_UNUSED_VARIABLE = YES;
				MACOSX_DEPLOYMENT_TARGET = 10.12;
				MTL_ENABLE_DEBUG_INFO = NO;
				SDKROOT = macosx;
				SWIFT_OPTIMIZATION_LEVEL = "-Owholemodule";
			};
			name = Release;
		};
		C2A34A581D9FCA02008ECCDD /* Debug */ = {
			isa = XCBuildConfiguration;
			buildSettings = {
				ASSETCATALOG_COMPILER_APPICON_NAME = AppIcon;
				COMBINE_HIDPI_IMAGES = YES;
				INFOPLIST_FILE = Jetpack/Info.plist;
				LD_RUNPATH_SEARCH_PATHS = "$(inherited) @executable_path/../Frameworks";
				PRODUCT_BUNDLE_IDENTIFIER = com.mch.Jetpack;
				PRODUCT_NAME = "$(TARGET_NAME)";
				SWIFT_VERSION = 3.0;
			};
			name = Debug;
		};
		C2A34A591D9FCA02008ECCDD /* Release */ = {
			isa = XCBuildConfiguration;
			buildSettings = {
				ASSETCATALOG_COMPILER_APPICON_NAME = AppIcon;
				COMBINE_HIDPI_IMAGES = YES;
				INFOPLIST_FILE = Jetpack/Info.plist;
				LD_RUNPATH_SEARCH_PATHS = "$(inherited) @executable_path/../Frameworks";
				PRODUCT_BUNDLE_IDENTIFIER = com.mch.Jetpack;
				PRODUCT_NAME = "$(TARGET_NAME)";
				SWIFT_VERSION = 3.0;
			};
			name = Release;
		};
/* End XCBuildConfiguration section */

/* Begin XCConfigurationList section */
		C2A34A431D9FCA02008ECCDD /* Build configuration list for PBXProject "Jetpack" */ = {
			isa = XCConfigurationList;
			buildConfigurations = (
				C2A34A551D9FCA02008ECCDD /* Debug */,
				C2A34A561D9FCA02008ECCDD /* Release */,
			);
			defaultConfigurationIsVisible = 0;
			defaultConfigurationName = Release;
		};
		C2A34A571D9FCA02008ECCDD /* Build configuration list for PBXNativeTarget "Jetpack" */ = {
			isa = XCConfigurationList;
			buildConfigurations = (
				C2A34A581D9FCA02008ECCDD /* Debug */,
				C2A34A591D9FCA02008ECCDD /* Release */,
			);
			defaultConfigurationIsVisible = 0;
			defaultConfigurationName = Release;
		};
/* End XCConfigurationList section */
	};
	rootObject = C2A34A401D9FCA02008ECCDD /* Project object */;
}
