// !$*UTF8*$!
{
	archiveVersion = 1;
	classes = {
	};
	objectVersion = 46;
	objects = {

/* Begin PBXBuildFile section */
		C203D40B1DA03AB1003DF46C /* ModelsEditorDisplayer.swift in Sources */ = {isa = PBXBuildFile; fileRef = C203D40A1DA03AB1003DF46C /* ModelsEditorDisplayer.swift */; };
		C203D4101DA03E68003DF46C /* TagEditorViewController.storyboard in Resources */ = {isa = PBXBuildFile; fileRef = C203D40C1DA03E68003DF46C /* TagEditorViewController.storyboard */; };
		C203D4111DA03E68003DF46C /* TagEditorViewController.swift in Sources */ = {isa = PBXBuildFile; fileRef = C203D40D1DA03E68003DF46C /* TagEditorViewController.swift */; };
		C203D4121DA03E68003DF46C /* Vector3EditorViewController.storyboard in Resources */ = {isa = PBXBuildFile; fileRef = C203D40E1DA03E68003DF46C /* Vector3EditorViewController.storyboard */; };
		C203D4131DA03E68003DF46C /* Vector3EditorViewController.swift in Sources */ = {isa = PBXBuildFile; fileRef = C203D40F1DA03E68003DF46C /* Vector3EditorViewController.swift */; };
		C203D4151DA03E80003DF46C /* OSXDisplayer.swift in Sources */ = {isa = PBXBuildFile; fileRef = C203D4141DA03E80003DF46C /* OSXDisplayer.swift */; };
		C2042EB71DA6EA15006561A6 /* SceneContentBrowserController.swift in Sources */ = {isa = PBXBuildFile; fileRef = C2042EB61DA6EA15006561A6 /* SceneContentBrowserController.swift */; };
		C20E98A01E1D5FFD008C1764 /* ShaderLab.storyboard in Resources */ = {isa = PBXBuildFile; fileRef = C20E989F1E1D5FFD008C1764 /* ShaderLab.storyboard */; };
		C20E98A21E1D6072008C1764 /* ShaderLabViewController.swift in Sources */ = {isa = PBXBuildFile; fileRef = C20E98A11E1D6072008C1764 /* ShaderLabViewController.swift */; };
		C20E98A41E1D6613008C1764 /* ScopeViewController.swift in Sources */ = {isa = PBXBuildFile; fileRef = C20E98A31E1D6613008C1764 /* ScopeViewController.swift */; };
		C21F96FB1E0DADA8001DC87D /* Attribute.swift in Sources */ = {isa = PBXBuildFile; fileRef = C21F96FA1E0DADA8001DC87D /* Attribute.swift */; };
		C21F96FD1E0DAE20001DC87D /* Mesh.swift in Sources */ = {isa = PBXBuildFile; fileRef = C21F96FC1E0DAE20001DC87D /* Mesh.swift */; };
		C21F96FF1E0DB736001DC87D /* Vertex.swift in Sources */ = {isa = PBXBuildFile; fileRef = C21F96FE1E0DB736001DC87D /* Vertex.swift */; };
		C21F97011E0DB75B001DC87D /* Primitive.swift in Sources */ = {isa = PBXBuildFile; fileRef = C21F97001E0DB75B001DC87D /* Primitive.swift */; };
		C21F97031E0DB77C001DC87D /* Vao.swift in Sources */ = {isa = PBXBuildFile; fileRef = C21F97021E0DB77C001DC87D /* Vao.swift */; };
		C21F97051E0DB78D001DC87D /* GpuInstance.swift in Sources */ = {isa = PBXBuildFile; fileRef = C21F97041E0DB78D001DC87D /* GpuInstance.swift */; };
		C21F97071E0DB7E6001DC87D /* GpuApi.swift in Sources */ = {isa = PBXBuildFile; fileRef = C21F97061E0DB7E6001DC87D /* GpuApi.swift */; };
		C21F97091E0DBC8C001DC87D /* RenderingEntity.swift in Sources */ = {isa = PBXBuildFile; fileRef = C21F97081E0DBC8C001DC87D /* RenderingEntity.swift */; };
		C21F970B1E0DBCA2001DC87D /* Enviroment.swift in Sources */ = {isa = PBXBuildFile; fileRef = C21F970A1E0DBCA2001DC87D /* Enviroment.swift */; };
		C21F970D1E0DBCB5001DC87D /* ProcessingUnion.swift in Sources */ = {isa = PBXBuildFile; fileRef = C21F970C1E0DBCB5001DC87D /* ProcessingUnion.swift */; };
		C21F970F1E0DC15B001DC87D /* Uniform.swift in Sources */ = {isa = PBXBuildFile; fileRef = C21F970E1E0DC15B001DC87D /* Uniform.swift */; };
		C21F97111E0DC393001DC87D /* Program.swift in Sources */ = {isa = PBXBuildFile; fileRef = C21F97101E0DC393001DC87D /* Program.swift */; };
		C21F97131E0DC3CA001DC87D /* RenderFunction.swift in Sources */ = {isa = PBXBuildFile; fileRef = C21F97121E0DC3CA001DC87D /* RenderFunction.swift */; };
		C21F97151E0DC790001DC87D /* Renderer.swift in Sources */ = {isa = PBXBuildFile; fileRef = C21F97141E0DC790001DC87D /* Renderer.swift */; };
		C21F971F1E0DD1D9001DC87D /* OpenGlGpuApi.h in Headers */ = {isa = PBXBuildFile; fileRef = C21F971D1E0DD1D9001DC87D /* OpenGlGpuApi.h */; settings = {ATTRIBUTES = (Public, ); }; };
		C21F97221E0DD1DA001DC87D /* OpenGlGpuApi.framework in Frameworks */ = {isa = PBXBuildFile; fileRef = C21F971B1E0DD1D9001DC87D /* OpenGlGpuApi.framework */; };
		C21F97231E0DD1DA001DC87D /* OpenGlGpuApi.framework in Embed Frameworks */ = {isa = PBXBuildFile; fileRef = C21F971B1E0DD1D9001DC87D /* OpenGlGpuApi.framework */; settings = {ATTRIBUTES = (CodeSignOnCopy, RemoveHeadersOnCopy, ); }; };
		C21F97281E0DD1EB001DC87D /* OpenGlGpuApi.swift in Sources */ = {isa = PBXBuildFile; fileRef = C21F97271E0DD1EB001DC87D /* OpenGlGpuApi.swift */; };
		C21F972A1E0DE84B001DC87D /* OpenGlProgram.swift in Sources */ = {isa = PBXBuildFile; fileRef = C21F97291E0DE84B001DC87D /* OpenGlProgram.swift */; };
		C252CF2A1DA01AF700E1D288 /* ModelsEditorInterface.swift in Sources */ = {isa = PBXBuildFile; fileRef = C252CF291DA01AF700E1D288 /* ModelsEditorInterface.swift */; };
		C252CF2C1DA01B0800E1D288 /* ModelsEditorConcretes.swift in Sources */ = {isa = PBXBuildFile; fileRef = C252CF2B1DA01B0800E1D288 /* ModelsEditorConcretes.swift */; };
		C25434891DB16ACE0007416B /* SceneViewer.storyboard in Resources */ = {isa = PBXBuildFile; fileRef = C25434881DB16ACE0007416B /* SceneViewer.storyboard */; };
		C254348B1DB16C310007416B /* NodeEditor.storyboard in Resources */ = {isa = PBXBuildFile; fileRef = C254348A1DB16C310007416B /* NodeEditor.storyboard */; };
		C254348D1DB16C790007416B /* NodeEditorViewController.swift in Sources */ = {isa = PBXBuildFile; fileRef = C254348C1DB16C790007416B /* NodeEditorViewController.swift */; };
		C254348F1DB16CA20007416B /* SceneViewerViewController.swift in Sources */ = {isa = PBXBuildFile; fileRef = C254348E1DB16CA20007416B /* SceneViewerViewController.swift */; };
		C25B21C01E145C66005D0BFC /* Scope.swift in Sources */ = {isa = PBXBuildFile; fileRef = C2BBE72E1E11DC6100225C8D /* Scope.swift */; };
		C25B21C11E145C66005D0BFC /* Variable.swift in Sources */ = {isa = PBXBuildFile; fileRef = C2BBE7301E11DC7500225C8D /* Variable.swift */; };
		C25B21C21E145C66005D0BFC /* Instruction.swift in Sources */ = {isa = PBXBuildFile; fileRef = C2BBE7321E11DC9500225C8D /* Instruction.swift */; };
		C25B21C31E145C66005D0BFC /* Evaluation.swift in Sources */ = {isa = PBXBuildFile; fileRef = C27C165D1E144D2100659B08 /* Evaluation.swift */; };
		C26098371DE3B76400495D45 /* CoreModel.h in Headers */ = {isa = PBXBuildFile; fileRef = C26098351DE3B76400495D45 /* CoreModel.h */; settings = {ATTRIBUTES = (Public, ); }; };
		C260983A1DE3B76400495D45 /* CoreModel.framework in Frameworks */ = {isa = PBXBuildFile; fileRef = C26098331DE3B76400495D45 /* CoreModel.framework */; };
		C260983B1DE3B76400495D45 /* CoreModel.framework in Embed Frameworks */ = {isa = PBXBuildFile; fileRef = C26098331DE3B76400495D45 /* CoreModel.framework */; settings = {ATTRIBUTES = (CodeSignOnCopy, RemoveHeadersOnCopy, ); }; };
		C27B242C1DA122FE009B270A /* EditorViewController.swift in Sources */ = {isa = PBXBuildFile; fileRef = C27B242B1DA122FE009B270A /* EditorViewController.swift */; };
		C27B242E1DA12A1F009B270A /* EulerEditorViewController.storyboard in Resources */ = {isa = PBXBuildFile; fileRef = C27B242D1DA12A1F009B270A /* EulerEditorViewController.storyboard */; };
		C27B24301DA12A34009B270A /* EulerEditorViewController.swift in Sources */ = {isa = PBXBuildFile; fileRef = C27B242F1DA12A34009B270A /* EulerEditorViewController.swift */; };
		C2869A931E0C84C7004B4458 /* Shader.fsh in Resources */ = {isa = PBXBuildFile; fileRef = C2869A911E0C84C7004B4458 /* Shader.fsh */; };
		C2869A941E0C84C7004B4458 /* Shader.vsh in Resources */ = {isa = PBXBuildFile; fileRef = C2869A921E0C84C7004B4458 /* Shader.vsh */; };
		C2A34A4C1D9FCA02008ECCDD /* AppDelegate.swift in Sources */ = {isa = PBXBuildFile; fileRef = C2A34A4B1D9FCA02008ECCDD /* AppDelegate.swift */; };
		C2A34A4E1D9FCA02008ECCDD /* ViewController.swift in Sources */ = {isa = PBXBuildFile; fileRef = C2A34A4D1D9FCA02008ECCDD /* ViewController.swift */; };
		C2A34A501D9FCA02008ECCDD /* Assets.xcassets in Resources */ = {isa = PBXBuildFile; fileRef = C2A34A4F1D9FCA02008ECCDD /* Assets.xcassets */; };
		C2A34A531D9FCA02008ECCDD /* Main.storyboard in Resources */ = {isa = PBXBuildFile; fileRef = C2A34A511D9FCA02008ECCDD /* Main.storyboard */; };
		C2A34A5D1D9FCD3F008ECCDD /* SceneEditor.storyboard in Resources */ = {isa = PBXBuildFile; fileRef = C2A34A5C1D9FCD3F008ECCDD /* SceneEditor.storyboard */; };
		C2A34A5F1D9FCD97008ECCDD /* SceneEditorViewController.swift in Sources */ = {isa = PBXBuildFile; fileRef = C2A34A5E1D9FCD97008ECCDD /* SceneEditorViewController.swift */; };
		C2A34A671D9FD081008ECCDD /* Scene.swift in Sources */ = {isa = PBXBuildFile; fileRef = C2A34A661D9FD081008ECCDD /* Scene.swift */; };
		C2A34A6B1D9FD0FB008ECCDD /* Visible.swift in Sources */ = {isa = PBXBuildFile; fileRef = C2A34A6A1D9FD0FB008ECCDD /* Visible.swift */; };
		C2A34A6E1D9FD119008ECCDD /* Node.swift in Sources */ = {isa = PBXBuildFile; fileRef = C2A34A6D1D9FD119008ECCDD /* Node.swift */; };
		C2A34A731D9FD3B4008ECCDD /* Element.swift in Sources */ = {isa = PBXBuildFile; fileRef = C2A34A721D9FD3B4008ECCDD /* Element.swift */; };
		C2A34A7C1D9FD60D008ECCDD /* Transform.swift in Sources */ = {isa = PBXBuildFile; fileRef = C2A34A7B1D9FD60D008ECCDD /* Transform.swift */; };
		C2A34A7F1D9FD6B5008ECCDD /* Primitives.swift in Sources */ = {isa = PBXBuildFile; fileRef = C2A34A7E1D9FD6B5008ECCDD /* Primitives.swift */; };
		C2A34A821D9FD811008ECCDD /* Rotiation.swift in Sources */ = {isa = PBXBuildFile; fileRef = C2A34A811D9FD811008ECCDD /* Rotiation.swift */; };
		C2BD124F1E2EB1B500ADE73F /* ShaderCreator.swift in Sources */ = {isa = PBXBuildFile; fileRef = C2BD124D1E2EB15600ADE73F /* ShaderCreator.swift */; };
		C2BD12591E2EBAD200ADE73F /* Utils.h in Headers */ = {isa = PBXBuildFile; fileRef = C2BD12571E2EBAD200ADE73F /* Utils.h */; settings = {ATTRIBUTES = (Public, ); }; };
		C2BD125C1E2EBAD200ADE73F /* Utils.framework in Frameworks */ = {isa = PBXBuildFile; fileRef = C2BD12551E2EBAD200ADE73F /* Utils.framework */; };
		C2BD125D1E2EBAD200ADE73F /* Utils.framework in Embed Frameworks */ = {isa = PBXBuildFile; fileRef = C2BD12551E2EBAD200ADE73F /* Utils.framework */; settings = {ATTRIBUTES = (CodeSignOnCopy, RemoveHeadersOnCopy, ); }; };
		C2BD12621E2EBAFB00ADE73F /* ArrayUtilities.swift in Sources */ = {isa = PBXBuildFile; fileRef = C2BD12611E2EBAFB00ADE73F /* ArrayUtilities.swift */; };
		C2D795841E1069E400CD8F4A /* OpenGlVao.swift in Sources */ = {isa = PBXBuildFile; fileRef = C2D795831E1069E400CD8F4A /* OpenGlVao.swift */; };
		C2DED2901DA09545007CEF44 /* OptionsEditorViewController.storyboard in Resources */ = {isa = PBXBuildFile; fileRef = C2DED28F1DA09545007CEF44 /* OptionsEditorViewController.storyboard */; };
		C2DED2921DA09659007CEF44 /* OptionsEditorViewController.swift in Sources */ = {isa = PBXBuildFile; fileRef = C2DED2911DA09659007CEF44 /* OptionsEditorViewController.swift */; };
		C2E8ADB41DB12CF9002905DD /* SceneContentBrowser.storyboard in Resources */ = {isa = PBXBuildFile; fileRef = C2E8ADB31DB12CF9002905DD /* SceneContentBrowser.storyboard */; };
		C2F0F1C91DA04840007890DE /* CompoundViewController.swift in Sources */ = {isa = PBXBuildFile; fileRef = C2F0F1C71DA04840007890DE /* CompoundViewController.swift */; };
		C2F0F1CC1DA0487A007890DE /* CompoundViewController.storyboard in Resources */ = {isa = PBXBuildFile; fileRef = C2F0F1CB1DA0487A007890DE /* CompoundViewController.storyboard */; };
		C2F624E61DC8B3BA00E65F98 /* Binding.swift in Sources */ = {isa = PBXBuildFile; fileRef = C2F624E51DC8B3BA00E65F98 /* Binding.swift */; };
/* End PBXBuildFile section */

/* Begin PBXContainerItemProxy section */
		C21F97201E0DD1DA001DC87D /* PBXContainerItemProxy */ = {
			isa = PBXContainerItemProxy;
			containerPortal = C2A34A401D9FCA02008ECCDD /* Project object */;
			proxyType = 1;
			remoteGlobalIDString = C21F971A1E0DD1D9001DC87D;
			remoteInfo = OpenGlGpuApi;
		};
		C26098381DE3B76400495D45 /* PBXContainerItemProxy */ = {
			isa = PBXContainerItemProxy;
			containerPortal = C2A34A401D9FCA02008ECCDD /* Project object */;
			proxyType = 1;
			remoteGlobalIDString = C26098321DE3B76400495D45;
			remoteInfo = Renderer;
		};
		C2BD125A1E2EBAD200ADE73F /* PBXContainerItemProxy */ = {
			isa = PBXContainerItemProxy;
			containerPortal = C2A34A401D9FCA02008ECCDD /* Project object */;
			proxyType = 1;
			remoteGlobalIDString = C2BD12541E2EBAD200ADE73F;
			remoteInfo = Utils;
		};
		C2BD12631E2EBB5600ADE73F /* PBXContainerItemProxy */ = {
			isa = PBXContainerItemProxy;
			containerPortal = C2A34A401D9FCA02008ECCDD /* Project object */;
			proxyType = 1;
			remoteGlobalIDString = C2BD12541E2EBAD200ADE73F;
			remoteInfo = Utils;
		};
		C2D795811E1059D900CD8F4A /* PBXContainerItemProxy */ = {
			isa = PBXContainerItemProxy;
			containerPortal = C2A34A401D9FCA02008ECCDD /* Project object */;
			proxyType = 1;
			remoteGlobalIDString = C26098321DE3B76400495D45;
			remoteInfo = Renderer;
		};
/* End PBXContainerItemProxy section */

/* Begin PBXCopyFilesBuildPhase section */
		C260983F1DE3B76400495D45 /* Embed Frameworks */ = {
			isa = PBXCopyFilesBuildPhase;
			buildActionMask = 2147483647;
			dstPath = "";
			dstSubfolderSpec = 10;
			files = (
				C260983B1DE3B76400495D45 /* CoreModel.framework in Embed Frameworks */,
				C2BD125D1E2EBAD200ADE73F /* Utils.framework in Embed Frameworks */,
				C21F97231E0DD1DA001DC87D /* OpenGlGpuApi.framework in Embed Frameworks */,
			);
			name = "Embed Frameworks";
			runOnlyForDeploymentPostprocessing = 0;
		};
/* End PBXCopyFilesBuildPhase section */

/* Begin PBXFileReference section */
		C203D40A1DA03AB1003DF46C /* ModelsEditorDisplayer.swift */ = {isa = PBXFileReference; fileEncoding = 4; lastKnownFileType = sourcecode.swift; name = ModelsEditorDisplayer.swift; path = ModelsEditor/ModelsEditorDisplayer.swift; sourceTree = "<group>"; };
		C203D40C1DA03E68003DF46C /* TagEditorViewController.storyboard */ = {isa = PBXFileReference; fileEncoding = 4; lastKnownFileType = file.storyboard; name = TagEditorViewController.storyboard; path = ModelsEditor/OSXDisplayers/TagEditorViewController.storyboard; sourceTree = "<group>"; };
		C203D40D1DA03E68003DF46C /* TagEditorViewController.swift */ = {isa = PBXFileReference; fileEncoding = 4; lastKnownFileType = sourcecode.swift; name = TagEditorViewController.swift; path = ModelsEditor/OSXDisplayers/TagEditorViewController.swift; sourceTree = "<group>"; };
		C203D40E1DA03E68003DF46C /* Vector3EditorViewController.storyboard */ = {isa = PBXFileReference; fileEncoding = 4; lastKnownFileType = file.storyboard; name = Vector3EditorViewController.storyboard; path = ModelsEditor/OSXDisplayers/Vector3EditorViewController.storyboard; sourceTree = "<group>"; };
		C203D40F1DA03E68003DF46C /* Vector3EditorViewController.swift */ = {isa = PBXFileReference; fileEncoding = 4; lastKnownFileType = sourcecode.swift; name = Vector3EditorViewController.swift; path = ModelsEditor/OSXDisplayers/Vector3EditorViewController.swift; sourceTree = "<group>"; };
		C203D4141DA03E80003DF46C /* OSXDisplayer.swift */ = {isa = PBXFileReference; fileEncoding = 4; lastKnownFileType = sourcecode.swift; name = OSXDisplayer.swift; path = ModelsEditor/OSXDisplayers/OSXDisplayer.swift; sourceTree = "<group>"; };
		C2042EB61DA6EA15006561A6 /* SceneContentBrowserController.swift */ = {isa = PBXFileReference; fileEncoding = 4; lastKnownFileType = sourcecode.swift; name = SceneContentBrowserController.swift; path = SceneEditor/SceneContentBrowserController.swift; sourceTree = "<group>"; };
		C20E989F1E1D5FFD008C1764 /* ShaderLab.storyboard */ = {isa = PBXFileReference; fileEncoding = 4; lastKnownFileType = file.storyboard; name = ShaderLab.storyboard; path = ShaderLab/ShaderLab.storyboard; sourceTree = "<group>"; };
		C20E98A11E1D6072008C1764 /* ShaderLabViewController.swift */ = {isa = PBXFileReference; fileEncoding = 4; lastKnownFileType = sourcecode.swift; name = ShaderLabViewController.swift; path = ShaderLab/ShaderLabViewController.swift; sourceTree = "<group>"; };
		C20E98A31E1D6613008C1764 /* ScopeViewController.swift */ = {isa = PBXFileReference; fileEncoding = 4; lastKnownFileType = sourcecode.swift; name = ScopeViewController.swift; path = ShaderLab/ScopeViewController.swift; sourceTree = "<group>"; };
		C21F96FA1E0DADA8001DC87D /* Attribute.swift */ = {isa = PBXFileReference; fileEncoding = 4; lastKnownFileType = sourcecode.swift; path = Attribute.swift; sourceTree = "<group>"; };
		C21F96FC1E0DAE20001DC87D /* Mesh.swift */ = {isa = PBXFileReference; fileEncoding = 4; lastKnownFileType = sourcecode.swift; path = Mesh.swift; sourceTree = "<group>"; };
		C21F96FE1E0DB736001DC87D /* Vertex.swift */ = {isa = PBXFileReference; fileEncoding = 4; lastKnownFileType = sourcecode.swift; path = Vertex.swift; sourceTree = "<group>"; };
		C21F97001E0DB75B001DC87D /* Primitive.swift */ = {isa = PBXFileReference; fileEncoding = 4; lastKnownFileType = sourcecode.swift; path = Primitive.swift; sourceTree = "<group>"; };
		C21F97021E0DB77C001DC87D /* Vao.swift */ = {isa = PBXFileReference; fileEncoding = 4; lastKnownFileType = sourcecode.swift; path = Vao.swift; sourceTree = "<group>"; };
		C21F97041E0DB78D001DC87D /* GpuInstance.swift */ = {isa = PBXFileReference; fileEncoding = 4; lastKnownFileType = sourcecode.swift; path = GpuInstance.swift; sourceTree = "<group>"; };
		C21F97061E0DB7E6001DC87D /* GpuApi.swift */ = {isa = PBXFileReference; fileEncoding = 4; lastKnownFileType = sourcecode.swift; path = GpuApi.swift; sourceTree = "<group>"; };
		C21F97081E0DBC8C001DC87D /* RenderingEntity.swift */ = {isa = PBXFileReference; fileEncoding = 4; lastKnownFileType = sourcecode.swift; path = RenderingEntity.swift; sourceTree = "<group>"; };
		C21F970A1E0DBCA2001DC87D /* Enviroment.swift */ = {isa = PBXFileReference; fileEncoding = 4; lastKnownFileType = sourcecode.swift; path = Enviroment.swift; sourceTree = "<group>"; };
		C21F970C1E0DBCB5001DC87D /* ProcessingUnion.swift */ = {isa = PBXFileReference; fileEncoding = 4; lastKnownFileType = sourcecode.swift; path = ProcessingUnion.swift; sourceTree = "<group>"; };
		C21F970E1E0DC15B001DC87D /* Uniform.swift */ = {isa = PBXFileReference; fileEncoding = 4; lastKnownFileType = sourcecode.swift; path = Uniform.swift; sourceTree = "<group>"; };
		C21F97101E0DC393001DC87D /* Program.swift */ = {isa = PBXFileReference; fileEncoding = 4; lastKnownFileType = sourcecode.swift; path = Program.swift; sourceTree = "<group>"; };
		C21F97121E0DC3CA001DC87D /* RenderFunction.swift */ = {isa = PBXFileReference; fileEncoding = 4; lastKnownFileType = sourcecode.swift; path = RenderFunction.swift; sourceTree = "<group>"; };
		C21F97141E0DC790001DC87D /* Renderer.swift */ = {isa = PBXFileReference; fileEncoding = 4; lastKnownFileType = sourcecode.swift; lineEnding = 0; path = Renderer.swift; sourceTree = "<group>"; xcLanguageSpecificationIdentifier = xcode.lang.swift; };
		C21F971B1E0DD1D9001DC87D /* OpenGlGpuApi.framework */ = {isa = PBXFileReference; explicitFileType = wrapper.framework; includeInIndex = 0; path = OpenGlGpuApi.framework; sourceTree = BUILT_PRODUCTS_DIR; };
		C21F971D1E0DD1D9001DC87D /* OpenGlGpuApi.h */ = {isa = PBXFileReference; lastKnownFileType = sourcecode.c.h; path = OpenGlGpuApi.h; sourceTree = "<group>"; };
		C21F971E1E0DD1D9001DC87D /* Info.plist */ = {isa = PBXFileReference; lastKnownFileType = text.plist.xml; path = Info.plist; sourceTree = "<group>"; };
		C21F97271E0DD1EB001DC87D /* OpenGlGpuApi.swift */ = {isa = PBXFileReference; fileEncoding = 4; lastKnownFileType = sourcecode.swift; lineEnding = 0; path = OpenGlGpuApi.swift; sourceTree = "<group>"; xcLanguageSpecificationIdentifier = xcode.lang.swift; };
		C21F97291E0DE84B001DC87D /* OpenGlProgram.swift */ = {isa = PBXFileReference; fileEncoding = 4; lastKnownFileType = sourcecode.swift; lineEnding = 0; path = OpenGlProgram.swift; sourceTree = "<group>"; xcLanguageSpecificationIdentifier = xcode.lang.swift; };
		C252CF291DA01AF700E1D288 /* ModelsEditorInterface.swift */ = {isa = PBXFileReference; fileEncoding = 4; lastKnownFileType = sourcecode.swift; name = ModelsEditorInterface.swift; path = ModelsEditor/ModelsEditorInterface.swift; sourceTree = "<group>"; };
		C252CF2B1DA01B0800E1D288 /* ModelsEditorConcretes.swift */ = {isa = PBXFileReference; fileEncoding = 4; lastKnownFileType = sourcecode.swift; name = ModelsEditorConcretes.swift; path = ModelsEditor/ModelsEditorConcretes.swift; sourceTree = "<group>"; };
		C25434881DB16ACE0007416B /* SceneViewer.storyboard */ = {isa = PBXFileReference; fileEncoding = 4; lastKnownFileType = file.storyboard; name = SceneViewer.storyboard; path = SceneEditor/SceneViewer/SceneViewer.storyboard; sourceTree = "<group>"; };
		C254348A1DB16C310007416B /* NodeEditor.storyboard */ = {isa = PBXFileReference; fileEncoding = 4; lastKnownFileType = file.storyboard; name = NodeEditor.storyboard; path = NodeEditor/NodeEditor.storyboard; sourceTree = "<group>"; };
		C254348C1DB16C790007416B /* NodeEditorViewController.swift */ = {isa = PBXFileReference; fileEncoding = 4; lastKnownFileType = sourcecode.swift; name = NodeEditorViewController.swift; path = NodeEditor/NodeEditorViewController.swift; sourceTree = "<group>"; };
		C254348E1DB16CA20007416B /* SceneViewerViewController.swift */ = {isa = PBXFileReference; fileEncoding = 4; lastKnownFileType = sourcecode.swift; name = SceneViewerViewController.swift; path = SceneEditor/SceneViewer/SceneViewerViewController.swift; sourceTree = "<group>"; };
		C26098331DE3B76400495D45 /* CoreModel.framework */ = {isa = PBXFileReference; explicitFileType = wrapper.framework; includeInIndex = 0; path = CoreModel.framework; sourceTree = BUILT_PRODUCTS_DIR; };
		C26098351DE3B76400495D45 /* CoreModel.h */ = {isa = PBXFileReference; lastKnownFileType = sourcecode.c.h; lineEnding = 0; path = CoreModel.h; sourceTree = "<group>"; xcLanguageSpecificationIdentifier = xcode.lang.objcpp; };
		C26098361DE3B76400495D45 /* Info.plist */ = {isa = PBXFileReference; lastKnownFileType = text.plist.xml; path = Info.plist; sourceTree = "<group>"; };
		C27B242B1DA122FE009B270A /* EditorViewController.swift */ = {isa = PBXFileReference; fileEncoding = 4; lastKnownFileType = sourcecode.swift; name = EditorViewController.swift; path = ModelsEditor/OSXDisplayers/EditorViewController.swift; sourceTree = "<group>"; };
		C27B242D1DA12A1F009B270A /* EulerEditorViewController.storyboard */ = {isa = PBXFileReference; fileEncoding = 4; lastKnownFileType = file.storyboard; name = EulerEditorViewController.storyboard; path = ModelsEditor/OSXDisplayers/EulerEditorViewController.storyboard; sourceTree = "<group>"; };
		C27B242F1DA12A34009B270A /* EulerEditorViewController.swift */ = {isa = PBXFileReference; fileEncoding = 4; lastKnownFileType = sourcecode.swift; name = EulerEditorViewController.swift; path = ModelsEditor/OSXDisplayers/EulerEditorViewController.swift; sourceTree = "<group>"; };
		C27C165D1E144D2100659B08 /* Evaluation.swift */ = {isa = PBXFileReference; fileEncoding = 4; lastKnownFileType = sourcecode.swift; path = Evaluation.swift; sourceTree = "<group>"; };
		C2869A911E0C84C7004B4458 /* Shader.fsh */ = {isa = PBXFileReference; fileEncoding = 4; lastKnownFileType = sourcecode.glsl; name = Shader.fsh; path = SceneEditor/SceneViewer/Shader.fsh; sourceTree = "<group>"; };
		C2869A921E0C84C7004B4458 /* Shader.vsh */ = {isa = PBXFileReference; fileEncoding = 4; lastKnownFileType = sourcecode.glsl; name = Shader.vsh; path = SceneEditor/SceneViewer/Shader.vsh; sourceTree = "<group>"; };
		C2A34A481D9FCA02008ECCDD /* Jetpack.app */ = {isa = PBXFileReference; explicitFileType = wrapper.application; includeInIndex = 0; path = Jetpack.app; sourceTree = BUILT_PRODUCTS_DIR; };
		C2A34A4B1D9FCA02008ECCDD /* AppDelegate.swift */ = {isa = PBXFileReference; lastKnownFileType = sourcecode.swift; path = AppDelegate.swift; sourceTree = "<group>"; };
		C2A34A4D1D9FCA02008ECCDD /* ViewController.swift */ = {isa = PBXFileReference; lastKnownFileType = sourcecode.swift; path = ViewController.swift; sourceTree = "<group>"; };
		C2A34A4F1D9FCA02008ECCDD /* Assets.xcassets */ = {isa = PBXFileReference; lastKnownFileType = folder.assetcatalog; path = Assets.xcassets; sourceTree = "<group>"; };
		C2A34A521D9FCA02008ECCDD /* Base */ = {isa = PBXFileReference; lastKnownFileType = file.storyboard; name = Base; path = Base.lproj/Main.storyboard; sourceTree = "<group>"; };
		C2A34A541D9FCA02008ECCDD /* Info.plist */ = {isa = PBXFileReference; lastKnownFileType = text.plist.xml; path = Info.plist; sourceTree = "<group>"; };
		C2A34A5C1D9FCD3F008ECCDD /* SceneEditor.storyboard */ = {isa = PBXFileReference; fileEncoding = 4; lastKnownFileType = file.storyboard; name = SceneEditor.storyboard; path = SceneEditor/SceneEditor.storyboard; sourceTree = "<group>"; };
		C2A34A5E1D9FCD97008ECCDD /* SceneEditorViewController.swift */ = {isa = PBXFileReference; fileEncoding = 4; lastKnownFileType = sourcecode.swift; name = SceneEditorViewController.swift; path = SceneEditor/SceneEditorViewController.swift; sourceTree = "<group>"; };
		C2A34A661D9FD081008ECCDD /* Scene.swift */ = {isa = PBXFileReference; fileEncoding = 4; lastKnownFileType = sourcecode.swift; name = Scene.swift; path = Models/Scene/Scene.swift; sourceTree = "<group>"; };
		C2A34A6A1D9FD0FB008ECCDD /* Visible.swift */ = {isa = PBXFileReference; fileEncoding = 4; lastKnownFileType = sourcecode.swift; name = Visible.swift; path = Models/Visible/Visible.swift; sourceTree = "<group>"; };
		C2A34A6D1D9FD119008ECCDD /* Node.swift */ = {isa = PBXFileReference; fileEncoding = 4; lastKnownFileType = sourcecode.swift; name = Node.swift; path = Models/Node/Node.swift; sourceTree = "<group>"; };
		C2A34A721D9FD3B4008ECCDD /* Element.swift */ = {isa = PBXFileReference; fileEncoding = 4; lastKnownFileType = sourcecode.swift; name = Element.swift; path = Models/Element/Element.swift; sourceTree = "<group>"; };
		C2A34A7B1D9FD60D008ECCDD /* Transform.swift */ = {isa = PBXFileReference; fileEncoding = 4; lastKnownFileType = sourcecode.swift; name = Transform.swift; path = Models/Transform/Transform.swift; sourceTree = "<group>"; };
		C2A34A7E1D9FD6B5008ECCDD /* Primitives.swift */ = {isa = PBXFileReference; fileEncoding = 4; lastKnownFileType = sourcecode.swift; name = Primitives.swift; path = Models/Primitives/Primitives.swift; sourceTree = "<group>"; };
		C2A34A811D9FD811008ECCDD /* Rotiation.swift */ = {isa = PBXFileReference; fileEncoding = 4; lastKnownFileType = sourcecode.swift; name = Rotiation.swift; path = Models/Rotation/Rotiation.swift; sourceTree = "<group>"; };
		C2BBE72E1E11DC6100225C8D /* Scope.swift */ = {isa = PBXFileReference; fileEncoding = 4; lastKnownFileType = sourcecode.swift; name = Scope.swift; path = Shader/Scope.swift; sourceTree = "<group>"; };
		C2BBE7301E11DC7500225C8D /* Variable.swift */ = {isa = PBXFileReference; fileEncoding = 4; lastKnownFileType = sourcecode.swift; name = Variable.swift; path = Shader/Variable.swift; sourceTree = "<group>"; };
		C2BBE7321E11DC9500225C8D /* Instruction.swift */ = {isa = PBXFileReference; fileEncoding = 4; lastKnownFileType = sourcecode.swift; name = Instruction.swift; path = Shader/Instruction.swift; sourceTree = "<group>"; };
		C2BD124D1E2EB15600ADE73F /* ShaderCreator.swift */ = {isa = PBXFileReference; fileEncoding = 4; lastKnownFileType = sourcecode.swift; name = ShaderCreator.swift; path = Shader/ShaderCreator.swift; sourceTree = "<group>"; };
		C2BD12551E2EBAD200ADE73F /* Utils.framework */ = {isa = PBXFileReference; explicitFileType = wrapper.framework; includeInIndex = 0; path = Utils.framework; sourceTree = BUILT_PRODUCTS_DIR; };
		C2BD12571E2EBAD200ADE73F /* Utils.h */ = {isa = PBXFileReference; lastKnownFileType = sourcecode.c.h; path = Utils.h; sourceTree = "<group>"; };
		C2BD12581E2EBAD200ADE73F /* Info.plist */ = {isa = PBXFileReference; lastKnownFileType = text.plist.xml; path = Info.plist; sourceTree = "<group>"; };
		C2BD12611E2EBAFB00ADE73F /* ArrayUtilities.swift */ = {isa = PBXFileReference; fileEncoding = 4; lastKnownFileType = sourcecode.swift; path = ArrayUtilities.swift; sourceTree = "<group>"; };
		C2D795831E1069E400CD8F4A /* OpenGlVao.swift */ = {isa = PBXFileReference; fileEncoding = 4; lastKnownFileType = sourcecode.swift; lineEnding = 0; path = OpenGlVao.swift; sourceTree = "<group>"; xcLanguageSpecificationIdentifier = xcode.lang.swift; };
		C2DED28F1DA09545007CEF44 /* OptionsEditorViewController.storyboard */ = {isa = PBXFileReference; fileEncoding = 4; lastKnownFileType = file.storyboard; name = OptionsEditorViewController.storyboard; path = ModelsEditor/OSXDisplayers/OptionsEditorViewController.storyboard; sourceTree = "<group>"; };
		C2DED2911DA09659007CEF44 /* OptionsEditorViewController.swift */ = {isa = PBXFileReference; fileEncoding = 4; lastKnownFileType = sourcecode.swift; name = OptionsEditorViewController.swift; path = ModelsEditor/OSXDisplayers/OptionsEditorViewController.swift; sourceTree = "<group>"; };
		C2E8ADB31DB12CF9002905DD /* SceneContentBrowser.storyboard */ = {isa = PBXFileReference; fileEncoding = 4; lastKnownFileType = file.storyboard; name = SceneContentBrowser.storyboard; path = SceneEditor/SceneContentBrowser/SceneContentBrowser.storyboard; sourceTree = "<group>"; };
		C2F0F1C71DA04840007890DE /* CompoundViewController.swift */ = {isa = PBXFileReference; fileEncoding = 4; lastKnownFileType = sourcecode.swift; name = CompoundViewController.swift; path = ModelsEditor/OSXDisplayers/CompoundViewController.swift; sourceTree = "<group>"; };
		C2F0F1CB1DA0487A007890DE /* CompoundViewController.storyboard */ = {isa = PBXFileReference; fileEncoding = 4; lastKnownFileType = file.storyboard; name = CompoundViewController.storyboard; path = ModelsEditor/OSXDisplayers/CompoundViewController.storyboard; sourceTree = "<group>"; };
		C2F624E51DC8B3BA00E65F98 /* Binding.swift */ = {isa = PBXFileReference; fileEncoding = 4; lastKnownFileType = sourcecode.swift; name = Binding.swift; path = Binding/Binding.swift; sourceTree = "<group>"; };
/* End PBXFileReference section */

/* Begin PBXFrameworksBuildPhase section */
		C21F97171E0DD1D9001DC87D /* Frameworks */ = {
			isa = PBXFrameworksBuildPhase;
			buildActionMask = 2147483647;
			files = (
			);
			runOnlyForDeploymentPostprocessing = 0;
		};
		C260982F1DE3B76400495D45 /* Frameworks */ = {
			isa = PBXFrameworksBuildPhase;
			buildActionMask = 2147483647;
			files = (
			);
			runOnlyForDeploymentPostprocessing = 0;
		};
		C2A34A451D9FCA02008ECCDD /* Frameworks */ = {
			isa = PBXFrameworksBuildPhase;
			buildActionMask = 2147483647;
			files = (
				C260983A1DE3B76400495D45 /* CoreModel.framework in Frameworks */,
				C2BD125C1E2EBAD200ADE73F /* Utils.framework in Frameworks */,
				C21F97221E0DD1DA001DC87D /* OpenGlGpuApi.framework in Frameworks */,
			);
			runOnlyForDeploymentPostprocessing = 0;
		};
		C2BD12511E2EBAD200ADE73F /* Frameworks */ = {
			isa = PBXFrameworksBuildPhase;
			buildActionMask = 2147483647;
			files = (
			);
			runOnlyForDeploymentPostprocessing = 0;
		};
/* End PBXFrameworksBuildPhase section */

/* Begin PBXGroup section */
		C20E989E1E1D5F83008C1764 /* ShaderLab */ = {
			isa = PBXGroup;
			children = (
				C20E989F1E1D5FFD008C1764 /* ShaderLab.storyboard */,
				C20E98A11E1D6072008C1764 /* ShaderLabViewController.swift */,
				C20E98A31E1D6613008C1764 /* ScopeViewController.swift */,
			);
			name = ShaderLab;
			sourceTree = "<group>";
		};
		C21F971C1E0DD1D9001DC87D /* OpenGlGpuApi */ = {
			isa = PBXGroup;
			children = (
				C21F971D1E0DD1D9001DC87D /* OpenGlGpuApi.h */,
				C21F971E1E0DD1D9001DC87D /* Info.plist */,
				C21F97271E0DD1EB001DC87D /* OpenGlGpuApi.swift */,
				C21F97291E0DE84B001DC87D /* OpenGlProgram.swift */,
				C2D795831E1069E400CD8F4A /* OpenGlVao.swift */,
			);
			path = OpenGlGpuApi;
			sourceTree = "<group>";
		};
		C252CF281DA01AE900E1D288 /* ModelsEditor */ = {
			isa = PBXGroup;
			children = (
				C252CF2D1DA01B8300E1D288 /* OSXDisplayers */,
				C252CF291DA01AF700E1D288 /* ModelsEditorInterface.swift */,
				C252CF2B1DA01B0800E1D288 /* ModelsEditorConcretes.swift */,
				C203D40A1DA03AB1003DF46C /* ModelsEditorDisplayer.swift */,
			);
			name = ModelsEditor;
			sourceTree = "<group>";
		};
		C252CF2D1DA01B8300E1D288 /* OSXDisplayers */ = {
			isa = PBXGroup;
			children = (
				C203D4141DA03E80003DF46C /* OSXDisplayer.swift */,
				C27B242B1DA122FE009B270A /* EditorViewController.swift */,
				C203D40C1DA03E68003DF46C /* TagEditorViewController.storyboard */,
				C203D40D1DA03E68003DF46C /* TagEditorViewController.swift */,
				C203D40E1DA03E68003DF46C /* Vector3EditorViewController.storyboard */,
				C203D40F1DA03E68003DF46C /* Vector3EditorViewController.swift */,
				C2F0F1CB1DA0487A007890DE /* CompoundViewController.storyboard */,
				C2F0F1C71DA04840007890DE /* CompoundViewController.swift */,
				C2DED28F1DA09545007CEF44 /* OptionsEditorViewController.storyboard */,
				C2DED2911DA09659007CEF44 /* OptionsEditorViewController.swift */,
				C27B242D1DA12A1F009B270A /* EulerEditorViewController.storyboard */,
				C27B242F1DA12A34009B270A /* EulerEditorViewController.swift */,
			);
			name = OSXDisplayers;
			sourceTree = "<group>";
		};
		C25434871DB16AAC0007416B /* SceneViewer */ = {
			isa = PBXGroup;
			children = (
				C2869A911E0C84C7004B4458 /* Shader.fsh */,
				C2869A921E0C84C7004B4458 /* Shader.vsh */,
				C25434881DB16ACE0007416B /* SceneViewer.storyboard */,
				C254348E1DB16CA20007416B /* SceneViewerViewController.swift */,
			);
			name = SceneViewer;
			sourceTree = "<group>";
		};
		C25434901DB170130007416B /* User */ = {
			isa = PBXGroup;
			children = (
			);
			name = User;
			sourceTree = "<group>";
		};
		C25434971DB170640007416B /* Utilities */ = {
			isa = PBXGroup;
			children = (
			);
			name = Utilities;
			sourceTree = "<group>";
		};
		C26098341DE3B76400495D45 /* CoreModel */ = {
			isa = PBXGroup;
			children = (
				C2BBE72D1E11DC1200225C8D /* Shader */,
				C26098351DE3B76400495D45 /* CoreModel.h */,
				C26098361DE3B76400495D45 /* Info.plist */,
				C21F96FA1E0DADA8001DC87D /* Attribute.swift */,
				C21F96FC1E0DAE20001DC87D /* Mesh.swift */,
				C21F96FE1E0DB736001DC87D /* Vertex.swift */,
				C21F97001E0DB75B001DC87D /* Primitive.swift */,
				C21F97021E0DB77C001DC87D /* Vao.swift */,
				C21F97041E0DB78D001DC87D /* GpuInstance.swift */,
				C21F97061E0DB7E6001DC87D /* GpuApi.swift */,
				C21F97081E0DBC8C001DC87D /* RenderingEntity.swift */,
				C21F970A1E0DBCA2001DC87D /* Enviroment.swift */,
				C21F970C1E0DBCB5001DC87D /* ProcessingUnion.swift */,
				C21F970E1E0DC15B001DC87D /* Uniform.swift */,
				C21F97101E0DC393001DC87D /* Program.swift */,
				C21F97121E0DC3CA001DC87D /* RenderFunction.swift */,
				C21F97141E0DC790001DC87D /* Renderer.swift */,
			);
			name = CoreModel;
			path = Renderer;
			sourceTree = "<group>";
		};
		C2A34A3F1D9FCA02008ECCDD = {
			isa = PBXGroup;
			children = (
				C2A34A4A1D9FCA02008ECCDD /* Jetpack */,
				C26098341DE3B76400495D45 /* CoreModel */,
				C21F971C1E0DD1D9001DC87D /* OpenGlGpuApi */,
				C2BD12561E2EBAD200ADE73F /* Utils */,
				C2A34A491D9FCA02008ECCDD /* Products */,
			);
			sourceTree = "<group>";
		};
		C2A34A491D9FCA02008ECCDD /* Products */ = {
			isa = PBXGroup;
			children = (
				C2A34A481D9FCA02008ECCDD /* Jetpack.app */,
				C26098331DE3B76400495D45 /* CoreModel.framework */,
				C21F971B1E0DD1D9001DC87D /* OpenGlGpuApi.framework */,
				C2BD12551E2EBAD200ADE73F /* Utils.framework */,
			);
			name = Products;
			sourceTree = "<group>";
		};
		C2A34A4A1D9FCA02008ECCDD /* Jetpack */ = {
			isa = PBXGroup;
			children = (
				C20E989E1E1D5F83008C1764 /* ShaderLab */,
				C2F624E41DC8B35100E65F98 /* Binding */,
				C25434971DB170640007416B /* Utilities */,
				C25434901DB170130007416B /* User */,
				C252CF281DA01AE900E1D288 /* ModelsEditor */,
				C2A34A631D9FD048008ECCDD /* Models */,
				C2A34A621D9FD00F008ECCDD /* NodeEditor */,
				C25434871DB16AAC0007416B /* SceneViewer */,
				C2A34A5B1D9FCCE3008ECCDD /* SceneEditor */,
				C2A34A4B1D9FCA02008ECCDD /* AppDelegate.swift */,
				C2A34A4D1D9FCA02008ECCDD /* ViewController.swift */,
				C2A34A4F1D9FCA02008ECCDD /* Assets.xcassets */,
				C2A34A511D9FCA02008ECCDD /* Main.storyboard */,
				C2A34A541D9FCA02008ECCDD /* Info.plist */,
			);
			path = Jetpack;
			sourceTree = "<group>";
		};
		C2A34A5B1D9FCCE3008ECCDD /* SceneEditor */ = {
			isa = PBXGroup;
			children = (
				C2E8ADB21DB12CDB002905DD /* SceneContentBrowser */,
				C2A34A5C1D9FCD3F008ECCDD /* SceneEditor.storyboard */,
				C2A34A5E1D9FCD97008ECCDD /* SceneEditorViewController.swift */,
			);
			name = SceneEditor;
			sourceTree = "<group>";
		};
		C2A34A621D9FD00F008ECCDD /* NodeEditor */ = {
			isa = PBXGroup;
			children = (
				C254348A1DB16C310007416B /* NodeEditor.storyboard */,
				C254348C1DB16C790007416B /* NodeEditorViewController.swift */,
			);
			name = NodeEditor;
			sourceTree = "<group>";
		};
		C2A34A631D9FD048008ECCDD /* Models */ = {
			isa = PBXGroup;
			children = (
				C2A34A801D9FD7FA008ECCDD /* Rotation */,
				C2A34A7D1D9FD68D008ECCDD /* Primitives */,
				C2A34A781D9FD5D7008ECCDD /* Transform */,
				C2A34A711D9FD379008ECCDD /* Element */,
				C2A34A6C1D9FD0FF008ECCDD /* Node */,
				C2A34A651D9FD059008ECCDD /* Visible */,
				C2A34A641D9FD050008ECCDD /* Scene */,
			);
			name = Models;
			sourceTree = "<group>";
		};
		C2A34A641D9FD050008ECCDD /* Scene */ = {
			isa = PBXGroup;
			children = (
				C2A34A661D9FD081008ECCDD /* Scene.swift */,
			);
			name = Scene;
			sourceTree = "<group>";
		};
		C2A34A651D9FD059008ECCDD /* Visible */ = {
			isa = PBXGroup;
			children = (
				C2A34A6A1D9FD0FB008ECCDD /* Visible.swift */,
			);
			name = Visible;
			sourceTree = "<group>";
		};
		C2A34A6C1D9FD0FF008ECCDD /* Node */ = {
			isa = PBXGroup;
			children = (
				C2A34A6D1D9FD119008ECCDD /* Node.swift */,
			);
			name = Node;
			sourceTree = "<group>";
		};
		C2A34A711D9FD379008ECCDD /* Element */ = {
			isa = PBXGroup;
			children = (
				C2A34A721D9FD3B4008ECCDD /* Element.swift */,
			);
			name = Element;
			sourceTree = "<group>";
		};
		C2A34A781D9FD5D7008ECCDD /* Transform */ = {
			isa = PBXGroup;
			children = (
				C2A34A7B1D9FD60D008ECCDD /* Transform.swift */,
			);
			name = Transform;
			sourceTree = "<group>";
		};
		C2A34A7D1D9FD68D008ECCDD /* Primitives */ = {
			isa = PBXGroup;
			children = (
				C2A34A7E1D9FD6B5008ECCDD /* Primitives.swift */,
			);
			name = Primitives;
			sourceTree = "<group>";
		};
		C2A34A801D9FD7FA008ECCDD /* Rotation */ = {
			isa = PBXGroup;
			children = (
				C2A34A811D9FD811008ECCDD /* Rotiation.swift */,
			);
			name = Rotation;
			sourceTree = "<group>";
		};
		C2BBE72D1E11DC1200225C8D /* Shader */ = {
			isa = PBXGroup;
			children = (
				C2BBE72E1E11DC6100225C8D /* Scope.swift */,
				C2BBE7301E11DC7500225C8D /* Variable.swift */,
				C2BBE7321E11DC9500225C8D /* Instruction.swift */,
				C27C165D1E144D2100659B08 /* Evaluation.swift */,
				C2BD124D1E2EB15600ADE73F /* ShaderCreator.swift */,
			);
			name = Shader;
			sourceTree = "<group>";
		};
		C2BD12561E2EBAD200ADE73F /* Utils */ = {
			isa = PBXGroup;
			children = (
				C2BD12611E2EBAFB00ADE73F /* ArrayUtilities.swift */,
				C2BD12571E2EBAD200ADE73F /* Utils.h */,
				C2BD12581E2EBAD200ADE73F /* Info.plist */,
			);
			path = Utils;
			sourceTree = "<group>";
		};
		C2E8ADB21DB12CDB002905DD /* SceneContentBrowser */ = {
			isa = PBXGroup;
			children = (
				C2E8ADB31DB12CF9002905DD /* SceneContentBrowser.storyboard */,
				C2042EB61DA6EA15006561A6 /* SceneContentBrowserController.swift */,
			);
			name = SceneContentBrowser;
			sourceTree = "<group>";
		};
		C2F624E41DC8B35100E65F98 /* Binding */ = {
			isa = PBXGroup;
			children = (
				C2F624E51DC8B3BA00E65F98 /* Binding.swift */,
			);
			name = Binding;
			sourceTree = "<group>";
		};
/* End PBXGroup section */

/* Begin PBXHeadersBuildPhase section */
		C21F97181E0DD1D9001DC87D /* Headers */ = {
			isa = PBXHeadersBuildPhase;
			buildActionMask = 2147483647;
			files = (
				C21F971F1E0DD1D9001DC87D /* OpenGlGpuApi.h in Headers */,
			);
			runOnlyForDeploymentPostprocessing = 0;
		};
		C26098301DE3B76400495D45 /* Headers */ = {
			isa = PBXHeadersBuildPhase;
			buildActionMask = 2147483647;
			files = (
				C26098371DE3B76400495D45 /* CoreModel.h in Headers */,
			);
			runOnlyForDeploymentPostprocessing = 0;
		};
		C2BD12521E2EBAD200ADE73F /* Headers */ = {
			isa = PBXHeadersBuildPhase;
			buildActionMask = 2147483647;
			files = (
				C2BD12591E2EBAD200ADE73F /* Utils.h in Headers */,
			);
			runOnlyForDeploymentPostprocessing = 0;
		};
/* End PBXHeadersBuildPhase section */

/* Begin PBXNativeTarget section */
		C21F971A1E0DD1D9001DC87D /* OpenGlGpuApi */ = {
			isa = PBXNativeTarget;
			buildConfigurationList = C21F97241E0DD1DA001DC87D /* Build configuration list for PBXNativeTarget "OpenGlGpuApi" */;
			buildPhases = (
				C21F97161E0DD1D9001DC87D /* Sources */,
				C21F97171E0DD1D9001DC87D /* Frameworks */,
				C21F97181E0DD1D9001DC87D /* Headers */,
				C21F97191E0DD1D9001DC87D /* Resources */,
			);
			buildRules = (
			);
			dependencies = (
				C2D795821E1059D900CD8F4A /* PBXTargetDependency */,
			);
			name = OpenGlGpuApi;
			productName = OpenGlGpuApi;
			productReference = C21F971B1E0DD1D9001DC87D /* OpenGlGpuApi.framework */;
			productType = "com.apple.product-type.framework";
		};
		C26098321DE3B76400495D45 /* CoreModel */ = {
			isa = PBXNativeTarget;
			buildConfigurationList = C260983C1DE3B76400495D45 /* Build configuration list for PBXNativeTarget "CoreModel" */;
			buildPhases = (
				C260982E1DE3B76400495D45 /* Sources */,
				C260982F1DE3B76400495D45 /* Frameworks */,
				C26098301DE3B76400495D45 /* Headers */,
				C26098311DE3B76400495D45 /* Resources */,
			);
			buildRules = (
			);
			dependencies = (
				C2BD12641E2EBB5600ADE73F /* PBXTargetDependency */,
			);
			name = CoreModel;
			productName = Renderer;
			productReference = C26098331DE3B76400495D45 /* CoreModel.framework */;
			productType = "com.apple.product-type.framework";
		};
		C2A34A471D9FCA02008ECCDD /* Jetpack */ = {
			isa = PBXNativeTarget;
			buildConfigurationList = C2A34A571D9FCA02008ECCDD /* Build configuration list for PBXNativeTarget "Jetpack" */;
			buildPhases = (
				C2A34A441D9FCA02008ECCDD /* Sources */,
				C2A34A451D9FCA02008ECCDD /* Frameworks */,
				C2A34A461D9FCA02008ECCDD /* Resources */,
				C260983F1DE3B76400495D45 /* Embed Frameworks */,
			);
			buildRules = (
			);
			dependencies = (
				C26098391DE3B76400495D45 /* PBXTargetDependency */,
				C21F97211E0DD1DA001DC87D /* PBXTargetDependency */,
				C2BD125B1E2EBAD200ADE73F /* PBXTargetDependency */,
			);
			name = Jetpack;
			productName = Jetpack;
			productReference = C2A34A481D9FCA02008ECCDD /* Jetpack.app */;
			productType = "com.apple.product-type.application";
		};
		C2BD12541E2EBAD200ADE73F /* Utils */ = {
			isa = PBXNativeTarget;
			buildConfigurationList = C2BD125E1E2EBAD200ADE73F /* Build configuration list for PBXNativeTarget "Utils" */;
			buildPhases = (
				C2BD12501E2EBAD200ADE73F /* Sources */,
				C2BD12511E2EBAD200ADE73F /* Frameworks */,
				C2BD12521E2EBAD200ADE73F /* Headers */,
				C2BD12531E2EBAD200ADE73F /* Resources */,
			);
			buildRules = (
			);
			dependencies = (
			);
			name = Utils;
			productName = Utils;
			productReference = C2BD12551E2EBAD200ADE73F /* Utils.framework */;
			productType = "com.apple.product-type.framework";
		};
/* End PBXNativeTarget section */

/* Begin PBXProject section */
		C2A34A401D9FCA02008ECCDD /* Project object */ = {
			isa = PBXProject;
			attributes = {
				LastSwiftUpdateCheck = 0800;
				LastUpgradeCheck = 0810;
				ORGANIZATIONNAME = "Maciej Chmielewski";
				TargetAttributes = {
					C21F971A1E0DD1D9001DC87D = {
						CreatedOnToolsVersion = 8.1;
						LastSwiftMigration = 0810;
						ProvisioningStyle = Automatic;
					};
					C26098321DE3B76400495D45 = {
						CreatedOnToolsVersion = 8.1;
						LastSwiftMigration = 0810;
						ProvisioningStyle = Automatic;
					};
					C2A34A471D9FCA02008ECCDD = {
						CreatedOnToolsVersion = 8.0;
						ProvisioningStyle = Automatic;
					};
					C2BD12541E2EBAD200ADE73F = {
						CreatedOnToolsVersion = 8.1;
						LastSwiftMigration = 0810;
						ProvisioningStyle = Automatic;
					};
				};
			};
			buildConfigurationList = C2A34A431D9FCA02008ECCDD /* Build configuration list for PBXProject "Jetpack" */;
			compatibilityVersion = "Xcode 3.2";
			developmentRegion = English;
			hasScannedForEncodings = 0;
			knownRegions = (
				en,
				Base,
			);
			mainGroup = C2A34A3F1D9FCA02008ECCDD;
			productRefGroup = C2A34A491D9FCA02008ECCDD /* Products */;
			projectDirPath = "";
			projectRoot = "";
			targets = (
				C2A34A471D9FCA02008ECCDD /* Jetpack */,
				C26098321DE3B76400495D45 /* CoreModel */,
				C21F971A1E0DD1D9001DC87D /* OpenGlGpuApi */,
				C2BD12541E2EBAD200ADE73F /* Utils */,
			);
		};
/* End PBXProject section */

/* Begin PBXResourcesBuildPhase section */
		C21F97191E0DD1D9001DC87D /* Resources */ = {
			isa = PBXResourcesBuildPhase;
			buildActionMask = 2147483647;
			files = (
			);
			runOnlyForDeploymentPostprocessing = 0;
		};
		C26098311DE3B76400495D45 /* Resources */ = {
			isa = PBXResourcesBuildPhase;
			buildActionMask = 2147483647;
			files = (
			);
			runOnlyForDeploymentPostprocessing = 0;
		};
		C2A34A461D9FCA02008ECCDD /* Resources */ = {
			isa = PBXResourcesBuildPhase;
			buildActionMask = 2147483647;
			files = (
				C2869A931E0C84C7004B4458 /* Shader.fsh in Resources */,
				C2E8ADB41DB12CF9002905DD /* SceneContentBrowser.storyboard in Resources */,
				C2F0F1CC1DA0487A007890DE /* CompoundViewController.storyboard in Resources */,
				C2A34A501D9FCA02008ECCDD /* Assets.xcassets in Resources */,
				C2869A941E0C84C7004B4458 /* Shader.vsh in Resources */,
				C2DED2901DA09545007CEF44 /* OptionsEditorViewController.storyboard in Resources */,
				C2A34A531D9FCA02008ECCDD /* Main.storyboard in Resources */,
				C254348B1DB16C310007416B /* NodeEditor.storyboard in Resources */,
				C2A34A5D1D9FCD3F008ECCDD /* SceneEditor.storyboard in Resources */,
				C203D4121DA03E68003DF46C /* Vector3EditorViewController.storyboard in Resources */,
				C25434891DB16ACE0007416B /* SceneViewer.storyboard in Resources */,
				C20E98A01E1D5FFD008C1764 /* ShaderLab.storyboard in Resources */,
				C27B242E1DA12A1F009B270A /* EulerEditorViewController.storyboard in Resources */,
				C203D4101DA03E68003DF46C /* TagEditorViewController.storyboard in Resources */,
			);
			runOnlyForDeploymentPostprocessing = 0;
		};
		C2BD12531E2EBAD200ADE73F /* Resources */ = {
			isa = PBXResourcesBuildPhase;
			buildActionMask = 2147483647;
			files = (
			);
			runOnlyForDeploymentPostprocessing = 0;
		};
/* End PBXResourcesBuildPhase section */

/* Begin PBXSourcesBuildPhase section */
		C21F97161E0DD1D9001DC87D /* Sources */ = {
			isa = PBXSourcesBuildPhase;
			buildActionMask = 2147483647;
			files = (
				C21F97281E0DD1EB001DC87D /* OpenGlGpuApi.swift in Sources */,
				C2D795841E1069E400CD8F4A /* OpenGlVao.swift in Sources */,
				C21F972A1E0DE84B001DC87D /* OpenGlProgram.swift in Sources */,
			);
			runOnlyForDeploymentPostprocessing = 0;
		};
		C260982E1DE3B76400495D45 /* Sources */ = {
			isa = PBXSourcesBuildPhase;
			buildActionMask = 2147483647;
			files = (
				C21F970F1E0DC15B001DC87D /* Uniform.swift in Sources */,
				C21F97051E0DB78D001DC87D /* GpuInstance.swift in Sources */,
				C2BD124F1E2EB1B500ADE73F /* ShaderCreator.swift in Sources */,
				C21F97151E0DC790001DC87D /* Renderer.swift in Sources */,
				C21F96FD1E0DAE20001DC87D /* Mesh.swift in Sources */,
				C25B21C01E145C66005D0BFC /* Scope.swift in Sources */,
				C21F970B1E0DBCA2001DC87D /* Enviroment.swift in Sources */,
				C21F96FF1E0DB736001DC87D /* Vertex.swift in Sources */,
				C21F97031E0DB77C001DC87D /* Vao.swift in Sources */,
				C21F96FB1E0DADA8001DC87D /* Attribute.swift in Sources */,
				C25B21C31E145C66005D0BFC /* Evaluation.swift in Sources */,
				C21F97071E0DB7E6001DC87D /* GpuApi.swift in Sources */,
				C21F97131E0DC3CA001DC87D /* RenderFunction.swift in Sources */,
				C21F970D1E0DBCB5001DC87D /* ProcessingUnion.swift in Sources */,
				C21F97111E0DC393001DC87D /* Program.swift in Sources */,
				C21F97011E0DB75B001DC87D /* Primitive.swift in Sources */,
				C21F97091E0DBC8C001DC87D /* RenderingEntity.swift in Sources */,
				C25B21C21E145C66005D0BFC /* Instruction.swift in Sources */,
				C25B21C11E145C66005D0BFC /* Variable.swift in Sources */,
			);
			runOnlyForDeploymentPostprocessing = 0;
		};
		C2A34A441D9FCA02008ECCDD /* Sources */ = {
			isa = PBXSourcesBuildPhase;
			buildActionMask = 2147483647;
			files = (
				C2A34A671D9FD081008ECCDD /* Scene.swift in Sources */,
				C27B24301DA12A34009B270A /* EulerEditorViewController.swift in Sources */,
				C252CF2A1DA01AF700E1D288 /* ModelsEditorInterface.swift in Sources */,
				C203D4131DA03E68003DF46C /* Vector3EditorViewController.swift in Sources */,
				C2A34A821D9FD811008ECCDD /* Rotiation.swift in Sources */,
				C2042EB71DA6EA15006561A6 /* SceneContentBrowserController.swift in Sources */,
				C203D4151DA03E80003DF46C /* OSXDisplayer.swift in Sources */,
				C2A34A5F1D9FCD97008ECCDD /* SceneEditorViewController.swift in Sources */,
				C2A34A4E1D9FCA02008ECCDD /* ViewController.swift in Sources */,
				C2F624E61DC8B3BA00E65F98 /* Binding.swift in Sources */,
				C203D40B1DA03AB1003DF46C /* ModelsEditorDisplayer.swift in Sources */,
				C27B242C1DA122FE009B270A /* EditorViewController.swift in Sources */,
				C2A34A6E1D9FD119008ECCDD /* Node.swift in Sources */,
				C2A34A4C1D9FCA02008ECCDD /* AppDelegate.swift in Sources */,
				C2F0F1C91DA04840007890DE /* CompoundViewController.swift in Sources */,
				C203D4111DA03E68003DF46C /* TagEditorViewController.swift in Sources */,
				C2A34A731D9FD3B4008ECCDD /* Element.swift in Sources */,
				C2A34A7C1D9FD60D008ECCDD /* Transform.swift in Sources */,
				C2DED2921DA09659007CEF44 /* OptionsEditorViewController.swift in Sources */,
				C2A34A7F1D9FD6B5008ECCDD /* Primitives.swift in Sources */,
				C254348D1DB16C790007416B /* NodeEditorViewController.swift in Sources */,
				C2A34A6B1D9FD0FB008ECCDD /* Visible.swift in Sources */,
				C20E98A21E1D6072008C1764 /* ShaderLabViewController.swift in Sources */,
				C20E98A41E1D6613008C1764 /* ScopeViewController.swift in Sources */,
				C254348F1DB16CA20007416B /* SceneViewerViewController.swift in Sources */,
				C252CF2C1DA01B0800E1D288 /* ModelsEditorConcretes.swift in Sources */,
			);
			runOnlyForDeploymentPostprocessing = 0;
		};
		C2BD12501E2EBAD200ADE73F /* Sources */ = {
			isa = PBXSourcesBuildPhase;
			buildActionMask = 2147483647;
			files = (
				C2BD12621E2EBAFB00ADE73F /* ArrayUtilities.swift in Sources */,
			);
			runOnlyForDeploymentPostprocessing = 0;
		};
/* End PBXSourcesBuildPhase section */

/* Begin PBXTargetDependency section */
		C21F97211E0DD1DA001DC87D /* PBXTargetDependency */ = {
			isa = PBXTargetDependency;
			target = C21F971A1E0DD1D9001DC87D /* OpenGlGpuApi */;
			targetProxy = C21F97201E0DD1DA001DC87D /* PBXContainerItemProxy */;
		};
		C26098391DE3B76400495D45 /* PBXTargetDependency */ = {
			isa = PBXTargetDependency;
			target = C26098321DE3B76400495D45 /* CoreModel */;
			targetProxy = C26098381DE3B76400495D45 /* PBXContainerItemProxy */;
		};
		C2BD125B1E2EBAD200ADE73F /* PBXTargetDependency */ = {
			isa = PBXTargetDependency;
			target = C2BD12541E2EBAD200ADE73F /* Utils */;
			targetProxy = C2BD125A1E2EBAD200ADE73F /* PBXContainerItemProxy */;
		};
		C2BD12641E2EBB5600ADE73F /* PBXTargetDependency */ = {
			isa = PBXTargetDependency;
			target = C2BD12541E2EBAD200ADE73F /* Utils */;
			targetProxy = C2BD12631E2EBB5600ADE73F /* PBXContainerItemProxy */;
		};
		C2D795821E1059D900CD8F4A /* PBXTargetDependency */ = {
			isa = PBXTargetDependency;
			target = C26098321DE3B76400495D45 /* CoreModel */;
			targetProxy = C2D795811E1059D900CD8F4A /* PBXContainerItemProxy */;
		};
/* End PBXTargetDependency section */

/* Begin PBXVariantGroup section */
		C2A34A511D9FCA02008ECCDD /* Main.storyboard */ = {
			isa = PBXVariantGroup;
			children = (
				C2A34A521D9FCA02008ECCDD /* Base */,
			);
			name = Main.storyboard;
			sourceTree = "<group>";
		};
/* End PBXVariantGroup section */

/* Begin XCBuildConfiguration section */
		C21F97251E0DD1DA001DC87D /* Debug */ = {
			isa = XCBuildConfiguration;
			buildSettings = {
				CLANG_ENABLE_MODULES = YES;
				CODE_SIGN_IDENTITY = "";
				COMBINE_HIDPI_IMAGES = YES;
				CURRENT_PROJECT_VERSION = 1;
				DEFINES_MODULE = YES;
				DYLIB_COMPATIBILITY_VERSION = 1;
				DYLIB_CURRENT_VERSION = 1;
				DYLIB_INSTALL_NAME_BASE = "@rpath";
				FRAMEWORK_VERSION = A;
				INFOPLIST_FILE = OpenGlGpuApi/Info.plist;
				INSTALL_PATH = "$(LOCAL_LIBRARY_DIR)/Frameworks";
				LD_RUNPATH_SEARCH_PATHS = "$(inherited) @executable_path/../Frameworks @loader_path/Frameworks";
				PRODUCT_BUNDLE_IDENTIFIER = com.mch.OpenGlGpuApi;
				PRODUCT_NAME = "$(TARGET_NAME)";
				SKIP_INSTALL = YES;
				SWIFT_OPTIMIZATION_LEVEL = "-Onone";
				SWIFT_VERSION = 3.0;
				VERSIONING_SYSTEM = "apple-generic";
				VERSION_INFO_PREFIX = "";
			};
			name = Debug;
		};
		C21F97261E0DD1DA001DC87D /* Release */ = {
			isa = XCBuildConfiguration;
			buildSettings = {
				CLANG_ENABLE_MODULES = YES;
				CODE_SIGN_IDENTITY = "";
				COMBINE_HIDPI_IMAGES = YES;
				CURRENT_PROJECT_VERSION = 1;
				DEFINES_MODULE = YES;
				DYLIB_COMPATIBILITY_VERSION = 1;
				DYLIB_CURRENT_VERSION = 1;
				DYLIB_INSTALL_NAME_BASE = "@rpath";
				FRAMEWORK_VERSION = A;
				INFOPLIST_FILE = OpenGlGpuApi/Info.plist;
				INSTALL_PATH = "$(LOCAL_LIBRARY_DIR)/Frameworks";
				LD_RUNPATH_SEARCH_PATHS = "$(inherited) @executable_path/../Frameworks @loader_path/Frameworks";
				PRODUCT_BUNDLE_IDENTIFIER = com.mch.OpenGlGpuApi;
				PRODUCT_NAME = "$(TARGET_NAME)";
				SKIP_INSTALL = YES;
				SWIFT_VERSION = 3.0;
				VERSIONING_SYSTEM = "apple-generic";
				VERSION_INFO_PREFIX = "";
			};
			name = Release;
		};
		C260983D1DE3B76400495D45 /* Debug */ = {
			isa = XCBuildConfiguration;
			buildSettings = {
				CLANG_ENABLE_MODULES = YES;
				CODE_SIGN_IDENTITY = "";
				COMBINE_HIDPI_IMAGES = YES;
				CURRENT_PROJECT_VERSION = 1;
				DEFINES_MODULE = YES;
				DYLIB_COMPATIBILITY_VERSION = 1;
				DYLIB_CURRENT_VERSION = 1;
				DYLIB_INSTALL_NAME_BASE = "@rpath";
				FRAMEWORK_VERSION = A;
				INFOPLIST_FILE = Renderer/Info.plist;
				INSTALL_PATH = "$(LOCAL_LIBRARY_DIR)/Frameworks";
				LD_RUNPATH_SEARCH_PATHS = "$(inherited) @executable_path/../Frameworks @loader_path/Frameworks";
				PRODUCT_BUNDLE_IDENTIFIER = com.mch.Renderer;
				PRODUCT_NAME = "$(TARGET_NAME)";
				SKIP_INSTALL = YES;
				SWIFT_OPTIMIZATION_LEVEL = "-Onone";
				SWIFT_VERSION = 3.0;
				VERSIONING_SYSTEM = "apple-generic";
				VERSION_INFO_PREFIX = "";
			};
			name = Debug;
		};
		C260983E1DE3B76400495D45 /* Release */ = {
			isa = XCBuildConfiguration;
			buildSettings = {
				CLANG_ENABLE_MODULES = YES;
				CODE_SIGN_IDENTITY = "";
				COMBINE_HIDPI_IMAGES = YES;
				CURRENT_PROJECT_VERSION = 1;
				DEFINES_MODULE = YES;
				DYLIB_COMPATIBILITY_VERSION = 1;
				DYLIB_CURRENT_VERSION = 1;
				DYLIB_INSTALL_NAME_BASE = "@rpath";
				FRAMEWORK_VERSION = A;
				INFOPLIST_FILE = Renderer/Info.plist;
				INSTALL_PATH = "$(LOCAL_LIBRARY_DIR)/Frameworks";
				LD_RUNPATH_SEARCH_PATHS = "$(inherited) @executable_path/../Frameworks @loader_path/Frameworks";
				PRODUCT_BUNDLE_IDENTIFIER = com.mch.Renderer;
				PRODUCT_NAME = "$(TARGET_NAME)";
				SKIP_INSTALL = YES;
				SWIFT_VERSION = 3.0;
				VERSIONING_SYSTEM = "apple-generic";
				VERSION_INFO_PREFIX = "";
			};
			name = Release;
		};
		C2A34A551D9FCA02008ECCDD /* Debug */ = {
			isa = XCBuildConfiguration;
			buildSettings = {
				ALWAYS_SEARCH_USER_PATHS = NO;
				CLANG_ANALYZER_NONNULL = YES;
				CLANG_CXX_LANGUAGE_STANDARD = "gnu++0x";
				CLANG_CXX_LIBRARY = "libc++";
				CLANG_ENABLE_MODULES = YES;
				CLANG_ENABLE_OBJC_ARC = YES;
				CLANG_WARN_BOOL_CONVERSION = YES;
				CLANG_WARN_CONSTANT_CONVERSION = YES;
				CLANG_WARN_DIRECT_OBJC_ISA_USAGE = YES_ERROR;
				CLANG_WARN_DOCUMENTATION_COMMENTS = YES;
				CLANG_WARN_EMPTY_BODY = YES;
				CLANG_WARN_ENUM_CONVERSION = YES;
				CLANG_WARN_INFINITE_RECURSION = YES;
				CLANG_WARN_INT_CONVERSION = YES;
				CLANG_WARN_OBJC_ROOT_CLASS = YES_ERROR;
				CLANG_WARN_SUSPICIOUS_MOVE = YES;
				CLANG_WARN_SUSPICIOUS_MOVES = YES;
				CLANG_WARN_UNREACHABLE_CODE = YES;
				CLANG_WARN__DUPLICATE_METHOD_MATCH = YES;
				CODE_SIGN_IDENTITY = "-";
				COPY_PHASE_STRIP = NO;
				DEBUG_INFORMATION_FORMAT = dwarf;
				ENABLE_STRICT_OBJC_MSGSEND = YES;
				ENABLE_TESTABILITY = YES;
				GCC_C_LANGUAGE_STANDARD = gnu99;
				GCC_DYNAMIC_NO_PIC = NO;
				GCC_NO_COMMON_BLOCKS = YES;
				GCC_OPTIMIZATION_LEVEL = 0;
				GCC_PREPROCESSOR_DEFINITIONS = (
					"DEBUG=1",
					"$(inherited)",
				);
				GCC_WARN_64_TO_32_BIT_CONVERSION = YES;
				GCC_WARN_ABOUT_RETURN_TYPE = YES_ERROR;
				GCC_WARN_UNDECLARED_SELECTOR = YES;
				GCC_WARN_UNINITIALIZED_AUTOS = YES_AGGRESSIVE;
				GCC_WARN_UNUSED_FUNCTION = YES;
				GCC_WARN_UNUSED_VARIABLE = YES;
				MACOSX_DEPLOYMENT_TARGET = 10.12;
				MTL_ENABLE_DEBUG_INFO = YES;
				ONLY_ACTIVE_ARCH = YES;
				SDKROOT = macosx;
				SWIFT_ACTIVE_COMPILATION_CONDITIONS = DEBUG;
				SWIFT_OPTIMIZATION_LEVEL = "-Onone";
			};
			name = Debug;
		};
		C2A34A561D9FCA02008ECCDD /* Release */ = {
			isa = XCBuildConfiguration;
			buildSettings = {
				ALWAYS_SEARCH_USER_PATHS = NO;
				CLANG_ANALYZER_NONNULL = YES;
				CLANG_CXX_LANGUAGE_STANDARD = "gnu++0x";
				CLANG_CXX_LIBRARY = "libc++";
				CLANG_ENABLE_MODULES = YES;
				CLANG_ENABLE_OBJC_ARC = YES;
				CLANG_WARN_BOOL_CONVERSION = YES;
				CLANG_WARN_CONSTANT_CONVERSION = YES;
				CLANG_WARN_DIRECT_OBJC_ISA_USAGE = YES_ERROR;
				CLANG_WARN_DOCUMENTATION_COMMENTS = YES;
				CLANG_WARN_EMPTY_BODY = YES;
				CLANG_WARN_ENUM_CONVERSION = YES;
				CLANG_WARN_INFINITE_RECURSION = YES;
				CLANG_WARN_INT_CONVERSION = YES;
				CLANG_WARN_OBJC_ROOT_CLASS = YES_ERROR;
				CLANG_WARN_SUSPICIOUS_MOVE = YES;
				CLANG_WARN_SUSPICIOUS_MOVES = YES;
				CLANG_WARN_UNREACHABLE_CODE = YES;
				CLANG_WARN__DUPLICATE_METHOD_MATCH = YES;
				CODE_SIGN_IDENTITY = "-";
				COPY_PHASE_STRIP = NO;
				DEBUG_INFORMATION_FORMAT = "dwarf-with-dsym";
				ENABLE_NS_ASSERTIONS = NO;
				ENABLE_STRICT_OBJC_MSGSEND = YES;
				GCC_C_LANGUAGE_STANDARD = gnu99;
				GCC_NO_COMMON_BLOCKS = YES;
				GCC_WARN_64_TO_32_BIT_CONVERSION = YES;
				GCC_WARN_ABOUT_RETURN_TYPE = YES_ERROR;
				GCC_WARN_UNDECLARED_SELECTOR = YES;
				GCC_WARN_UNINITIALIZED_AUTOS = YES_AGGRESSIVE;
				GCC_WARN_UNUSED_FUNCTION = YES;
				GCC_WARN_UNUSED_VARIABLE = YES;
				MACOSX_DEPLOYMENT_TARGET = 10.12;
				MTL_ENABLE_DEBUG_INFO = NO;
				SDKROOT = macosx;
				SWIFT_OPTIMIZATION_LEVEL = "-Owholemodule";
			};
			name = Release;
		};
		C2A34A581D9FCA02008ECCDD /* Debug */ = {
			isa = XCBuildConfiguration;
			buildSettings = {
				ALWAYS_EMBED_SWIFT_STANDARD_LIBRARIES = YES;
				ASSETCATALOG_COMPILER_APPICON_NAME = AppIcon;
				COMBINE_HIDPI_IMAGES = YES;
				INFOPLIST_FILE = Jetpack/Info.plist;
				LD_RUNPATH_SEARCH_PATHS = "$(inherited) @executable_path/../Frameworks";
				PRODUCT_BUNDLE_IDENTIFIER = com.mch.Jetpack;
				PRODUCT_NAME = "$(TARGET_NAME)";
				SWIFT_VERSION = 3.0;
			};
			name = Debug;
		};
		C2A34A591D9FCA02008ECCDD /* Release */ = {
			isa = XCBuildConfiguration;
			buildSettings = {
				ALWAYS_EMBED_SWIFT_STANDARD_LIBRARIES = YES;
				ASSETCATALOG_COMPILER_APPICON_NAME = AppIcon;
				COMBINE_HIDPI_IMAGES = YES;
				INFOPLIST_FILE = Jetpack/Info.plist;
				LD_RUNPATH_SEARCH_PATHS = "$(inherited) @executable_path/../Frameworks";
				PRODUCT_BUNDLE_IDENTIFIER = com.mch.Jetpack;
				PRODUCT_NAME = "$(TARGET_NAME)";
				SWIFT_VERSION = 3.0;
			};
			name = Release;
		};
		C2BD125F1E2EBAD200ADE73F /* Debug */ = {
			isa = XCBuildConfiguration;
			buildSettings = {
				CLANG_ENABLE_MODULES = YES;
				CODE_SIGN_IDENTITY = "";
				COMBINE_HIDPI_IMAGES = YES;
				CURRENT_PROJECT_VERSION = 1;
				DEFINES_MODULE = YES;
				DYLIB_COMPATIBILITY_VERSION = 1;
				DYLIB_CURRENT_VERSION = 1;
				DYLIB_INSTALL_NAME_BASE = "@rpath";
				FRAMEWORK_VERSION = A;
				INFOPLIST_FILE = Utils/Info.plist;
				INSTALL_PATH = "$(LOCAL_LIBRARY_DIR)/Frameworks";
				LD_RUNPATH_SEARCH_PATHS = "$(inherited) @executable_path/../Frameworks @loader_path/Frameworks";
				PRODUCT_BUNDLE_IDENTIFIER = com.mch.Utils;
				PRODUCT_NAME = "$(TARGET_NAME)";
				SKIP_INSTALL = YES;
				SWIFT_OPTIMIZATION_LEVEL = "-Onone";
				SWIFT_VERSION = 3.0;
				VERSIONING_SYSTEM = "apple-generic";
				VERSION_INFO_PREFIX = "";
			};
			name = Debug;
		};
		C2BD12601E2EBAD200ADE73F /* Release */ = {
			isa = XCBuildConfiguration;
			buildSettings = {
				CLANG_ENABLE_MODULES = YES;
				CODE_SIGN_IDENTITY = "";
				COMBINE_HIDPI_IMAGES = YES;
				CURRENT_PROJECT_VERSION = 1;
				DEFINES_MODULE = YES;
				DYLIB_COMPATIBILITY_VERSION = 1;
				DYLIB_CURRENT_VERSION = 1;
				DYLIB_INSTALL_NAME_BASE = "@rpath";
				FRAMEWORK_VERSION = A;
				INFOPLIST_FILE = Utils/Info.plist;
				INSTALL_PATH = "$(LOCAL_LIBRARY_DIR)/Frameworks";
				LD_RUNPATH_SEARCH_PATHS = "$(inherited) @executable_path/../Frameworks @loader_path/Frameworks";
				PRODUCT_BUNDLE_IDENTIFIER = com.mch.Utils;
				PRODUCT_NAME = "$(TARGET_NAME)";
				SKIP_INSTALL = YES;
				SWIFT_VERSION = 3.0;
				VERSIONING_SYSTEM = "apple-generic";
				VERSION_INFO_PREFIX = "";
			};
			name = Release;
		};
/* End XCBuildConfiguration section */

/* Begin XCConfigurationList section */
		C21F97241E0DD1DA001DC87D /* Build configuration list for PBXNativeTarget "OpenGlGpuApi" */ = {
			isa = XCConfigurationList;
			buildConfigurations = (
				C21F97251E0DD1DA001DC87D /* Debug */,
				C21F97261E0DD1DA001DC87D /* Release */,
			);
			defaultConfigurationIsVisible = 0;
			defaultConfigurationName = Release;
		};
		C260983C1DE3B76400495D45 /* Build configuration list for PBXNativeTarget "CoreModel" */ = {
			isa = XCConfigurationList;
			buildConfigurations = (
				C260983D1DE3B76400495D45 /* Debug */,
				C260983E1DE3B76400495D45 /* Release */,
			);
			defaultConfigurationIsVisible = 0;
			defaultConfigurationName = Release;
		};
		C2A34A431D9FCA02008ECCDD /* Build configuration list for PBXProject "Jetpack" */ = {
			isa = XCConfigurationList;
			buildConfigurations = (
				C2A34A551D9FCA02008ECCDD /* Debug */,
				C2A34A561D9FCA02008ECCDD /* Release */,
			);
			defaultConfigurationIsVisible = 0;
			defaultConfigurationName = Release;
		};
		C2A34A571D9FCA02008ECCDD /* Build configuration list for PBXNativeTarget "Jetpack" */ = {
			isa = XCConfigurationList;
			buildConfigurations = (
				C2A34A581D9FCA02008ECCDD /* Debug */,
				C2A34A591D9FCA02008ECCDD /* Release */,
			);
			defaultConfigurationIsVisible = 0;
			defaultConfigurationName = Release;
		};
		C2BD125E1E2EBAD200ADE73F /* Build configuration list for PBXNativeTarget "Utils" */ = {
			isa = XCConfigurationList;
			buildConfigurations = (
				C2BD125F1E2EBAD200ADE73F /* Debug */,
				C2BD12601E2EBAD200ADE73F /* Release */,
			);
			defaultConfigurationIsVisible = 0;
		};
/* End XCConfigurationList section */
	};
	rootObject = C2A34A401D9FCA02008ECCDD /* Project object */;
}
